// !$*UTF8*$!
{
	archiveVersion = 1;
	classes = {
	};
	objectVersion = 46;
	objects = {

/* Begin PBXBuildFile section */
		08159FE015ADC4A60061AEC5 /* glyphicons_020_home.png in Resources */ = {isa = PBXBuildFile; fileRef = 08159FDE15ADC4A60061AEC5 /* glyphicons_020_home.png */; };
		08159FE115ADC4A60061AEC5 /* glyphicons_020_home@2x.png in Resources */ = {isa = PBXBuildFile; fileRef = 08159FDF15ADC4A60061AEC5 /* glyphicons_020_home@2x.png */; };
		08159FE715ADD1800061AEC5 /* QuestionTableBackgroundView.m in Sources */ = {isa = PBXBuildFile; fileRef = 08159FE615ADD1800061AEC5 /* QuestionTableBackgroundView.m */; };
		083C2BF115AE23340079EF97 /* seamlesstexture30_1200@2x.png in Resources */ = {isa = PBXBuildFile; fileRef = 083C2BF015AE23340079EF97 /* seamlesstexture30_1200@2x.png */; };
		083C2BF315AE23390079EF97 /* seamlesstexture30_1200.png in Resources */ = {isa = PBXBuildFile; fileRef = 083C2BF215AE23390079EF97 /* seamlesstexture30_1200.png */; };
		0865EBDE159A35FB00903049 /* libTestFlight.a in Frameworks */ = {isa = PBXBuildFile; fileRef = 0865EBDA159A35FB00903049 /* libTestFlight.a */; };
		0865EBDF159A35FB00903049 /* README.txt in Resources */ = {isa = PBXBuildFile; fileRef = 0865EBDB159A35FB00903049 /* README.txt */; };
		0865EBE0159A35FB00903049 /* release_notes.txt in Resources */ = {isa = PBXBuildFile; fileRef = 0865EBDC159A35FB00903049 /* release_notes.txt */; };
		0865EBE3159A364B00903049 /* libz.dylib in Frameworks */ = {isa = PBXBuildFile; fileRef = 0865EBE2159A364B00903049 /* libz.dylib */; };
		086DE29F15AB286E0087F4C7 /* ShadowTableHeaderView.m in Sources */ = {isa = PBXBuildFile; fileRef = 086DE29E15AB286E0087F4C7 /* ShadowTableHeaderView.m */; };
		086DE2A315AB3A170087F4C7 /* ReviewTableViewController.m in Sources */ = {isa = PBXBuildFile; fileRef = 086DE2A215AB3A170087F4C7 /* ReviewTableViewController.m */; };
		086DE2A615AB51610087F4C7 /* RatingCircleView.m in Sources */ = {isa = PBXBuildFile; fileRef = 086DE2A515AB51610087F4C7 /* RatingCircleView.m */; };
		086DE2A815AB5C180087F4C7 /* RatingColors.plist in Resources */ = {isa = PBXBuildFile; fileRef = 086DE2A715AB5C180087F4C7 /* RatingColors.plist */; };
		0873C9F315AB705D00D0FE4F /* pepper-symbol.png in Resources */ = {isa = PBXBuildFile; fileRef = 0873C9F115AB705D00D0FE4F /* pepper-symbol.png */; };
		0873C9F415AB705D00D0FE4F /* pepper-symbol@2x.png in Resources */ = {isa = PBXBuildFile; fileRef = 0873C9F215AB705D00D0FE4F /* pepper-symbol@2x.png */; };
		0873C9FC15AB79E900D0FE4F /* pepper-symbol-selected.png in Resources */ = {isa = PBXBuildFile; fileRef = 0873C9FA15AB79E900D0FE4F /* pepper-symbol-selected.png */; };
		0873C9FD15AB79E900D0FE4F /* pepper-symbol-selected@2x.png in Resources */ = {isa = PBXBuildFile; fileRef = 0873C9FB15AB79E900D0FE4F /* pepper-symbol-selected@2x.png */; };
		08B9EE1D15A231D80057240C /* ScreenDocumentViewController.m in Sources */ = {isa = PBXBuildFile; fileRef = 08B9EE1C15A231D80057240C /* ScreenDocumentViewController.m */; };
		08E6F43115A7756A0003EA5C /* pepper.png in Resources */ = {isa = PBXBuildFile; fileRef = 08E6F42F15A7756A0003EA5C /* pepper.png */; };
		08E6F43215A7756A0003EA5C /* pepper@2x.png in Resources */ = {isa = PBXBuildFile; fileRef = 08E6F43015A7756A0003EA5C /* pepper@2x.png */; };
		10688182159000E0001E0BAF /* LocationPickerViewController.m in Sources */ = {isa = PBXBuildFile; fileRef = 10688181159000E0001E0BAF /* LocationPickerViewController.m */; };
		1068818515900A50001E0BAF /* MajorViewController.m in Sources */ = {isa = PBXBuildFile; fileRef = 1068818415900A50001E0BAF /* MajorViewController.m */; };
		10E6EB9C157F9662004995A6 /* CandidateTableViewController.m in Sources */ = {isa = PBXBuildFile; fileRef = 10E6EB9B157F9662004995A6 /* CandidateTableViewController.m */; };
		10ED5E7F1593586500509813 /* GradDateViewController.m in Sources */ = {isa = PBXBuildFile; fileRef = 10A72B451592A1E1008BF079 /* GradDateViewController.m */; };
		10F214AF1593B27A00AC2A9C /* TechnicalSkillsTableViewController.m in Sources */ = {isa = PBXBuildFile; fileRef = 10F214AE1593B27A00AC2A9C /* TechnicalSkillsTableViewController.m */; };
		10F214B21593B67E00AC2A9C /* TeamTableViewController.m in Sources */ = {isa = PBXBuildFile; fileRef = 10F214B11593B67E00AC2A9C /* TeamTableViewController.m */; };
		170506C615AD1CBC00F9631B /* GradientCellBackgroundView.m in Sources */ = {isa = PBXBuildFile; fileRef = 170506C515AD1CBC00F9631B /* GradientCellBackgroundView.m */; };
		1712CA0915ACC4AC00CA856B /* glyphicons_206_ok_2.png in Resources */ = {isa = PBXBuildFile; fileRef = 1712CA0515ACC4AC00CA856B /* glyphicons_206_ok_2.png */; };
		1712CA0A15ACC4AC00CA856B /* glyphicons_206_ok_2@2x.png in Resources */ = {isa = PBXBuildFile; fileRef = 1712CA0615ACC4AC00CA856B /* glyphicons_206_ok_2@2x.png */; };
		1712CA0B15ACC4AC00CA856B /* glyphicons_207_remove_2.png in Resources */ = {isa = PBXBuildFile; fileRef = 1712CA0715ACC4AC00CA856B /* glyphicons_207_remove_2.png */; };
		1712CA0C15ACC4AC00CA856B /* glyphicons_207_remove_2@2x.png in Resources */ = {isa = PBXBuildFile; fileRef = 1712CA0815ACC4AC00CA856B /* glyphicons_207_remove_2@2x.png */; };
		1713E83D1575A50B00B00CD1 /* LoginModalViewController.m in Sources */ = {isa = PBXBuildFile; fileRef = 1713E83C1575A50B00B00CD1 /* LoginModalViewController.m */; };
		1713E8411575AA6300B00CD1 /* LoginModalBackgroundView.m in Sources */ = {isa = PBXBuildFile; fileRef = 1713E8401575AA6300B00CD1 /* LoginModalBackgroundView.m */; };
		1713E8431575AB5F00B00CD1 /* QuartzCore.framework in Frameworks */ = {isa = PBXBuildFile; fileRef = 1713E8421575AB5F00B00CD1 /* QuartzCore.framework */; };
		1713E84E1576A12400B00CD1 /* ECSlidingViewController.m in Sources */ = {isa = PBXBuildFile; fileRef = 1713E84B1576A12400B00CD1 /* ECSlidingViewController.m */; };
		1713E84F1576A12400B00CD1 /* UIImage+ImageWithUIView.m in Sources */ = {isa = PBXBuildFile; fileRef = 1713E84D1576A12400B00CD1 /* UIImage+ImageWithUIView.m */; };
		1713E8631576F58300B00CD1 /* RatingView.m in Sources */ = {isa = PBXBuildFile; fileRef = 1713E8621576F58300B00CD1 /* RatingView.m */; };
		1713E8661577070800B00CD1 /* SmallNumberView.m in Sources */ = {isa = PBXBuildFile; fileRef = 1713E8651577070800B00CD1 /* SmallNumberView.m */; };
		1713E8691577071D00B00CD1 /* SelectedNumberView.m in Sources */ = {isa = PBXBuildFile; fileRef = 1713E8681577071D00B00CD1 /* SelectedNumberView.m */; };
		1720AFCD1582445A00DAE4E4 /* 111-user.png in Resources */ = {isa = PBXBuildFile; fileRef = 1720AFCC1582445A00DAE4E4 /* 111-user.png */; };
		1720AFD01582446800DAE4E4 /* 111-user@2x.png in Resources */ = {isa = PBXBuildFile; fileRef = 1720AFCF1582446800DAE4E4 /* 111-user@2x.png */; };
		1720AFD3158244A400DAE4E4 /* 179-notepad.png in Resources */ = {isa = PBXBuildFile; fileRef = 1720AFD1158244A400DAE4E4 /* 179-notepad.png */; };
		1720AFD4158244A400DAE4E4 /* 179-notepad@2x.png in Resources */ = {isa = PBXBuildFile; fileRef = 1720AFD2158244A400DAE4E4 /* 179-notepad@2x.png */; };
		1720AFD7158246C500DAE4E4 /* 09-chat-2.png in Resources */ = {isa = PBXBuildFile; fileRef = 1720AFD5158246C500DAE4E4 /* 09-chat-2.png */; };
		1720AFD8158246C500DAE4E4 /* 09-chat-2@2x.png in Resources */ = {isa = PBXBuildFile; fileRef = 1720AFD6158246C500DAE4E4 /* 09-chat-2@2x.png */; };
		1720AFDB158247F100DAE4E4 /* 117-todo.png in Resources */ = {isa = PBXBuildFile; fileRef = 1720AFD9158247F100DAE4E4 /* 117-todo.png */; };
		1720AFDC158247F100DAE4E4 /* 117-todo@2x.png in Resources */ = {isa = PBXBuildFile; fileRef = 1720AFDA158247F100DAE4E4 /* 117-todo@2x.png */; };
		1720AFE81583C8D600DAE4E4 /* glyphicons_190_circle_plus@2x.png in Resources */ = {isa = PBXBuildFile; fileRef = 1720AFE71583C8D600DAE4E4 /* glyphicons_190_circle_plus@2x.png */; };
		1720AFEA1583C90500DAE4E4 /* glyphicons_190_circle_plus.png in Resources */ = {isa = PBXBuildFile; fileRef = 1720AFE91583C90500DAE4E4 /* glyphicons_190_circle_plus.png */; };
		1720AFED1583C98700DAE4E4 /* glyphicons_192_circle_remove.png in Resources */ = {isa = PBXBuildFile; fileRef = 1720AFEB1583C98700DAE4E4 /* glyphicons_192_circle_remove.png */; };
		1720AFEE1583C98700DAE4E4 /* glyphicons_192_circle_remove@2x.png in Resources */ = {isa = PBXBuildFile; fileRef = 1720AFEC1583C98700DAE4E4 /* glyphicons_192_circle_remove@2x.png */; };
		1720B0351586940900DAE4E4 /* MainStoryboard.storyboard in Resources */ = {isa = PBXBuildFile; fileRef = 1720B0341586940900DAE4E4 /* MainStoryboard.storyboard */; };
		1725880C15913D890018524B /* TechnicalSkill.m in Sources */ = {isa = PBXBuildFile; fileRef = 1725880B15913D890018524B /* TechnicalSkill.m */; };
		1725880F15913D890018524B /* Event.m in Sources */ = {isa = PBXBuildFile; fileRef = 1725880E15913D890018524B /* Event.m */; };
		1725881215913D890018524B /* Response.m in Sources */ = {isa = PBXBuildFile; fileRef = 1725881115913D890018524B /* Response.m */; };
		1725881B15913D8A0018524B /* Screening.m in Sources */ = {isa = PBXBuildFile; fileRef = 1725881A15913D8A0018524B /* Screening.m */; };
		1725881E15913D8B0018524B /* TechnicalQuestion.m in Sources */ = {isa = PBXBuildFile; fileRef = 1725881D15913D8B0018524B /* TechnicalQuestion.m */; };
		173B794A15A27DBA00E5DCAF /* PagingScrollViewWrapperView.m in Sources */ = {isa = PBXBuildFile; fileRef = 173B794915A27DBA00E5DCAF /* PagingScrollViewWrapperView.m */; };
		173B795215A282E800E5DCAF /* SmallDocumentViewController.m in Sources */ = {isa = PBXBuildFile; fileRef = 173B795015A282E800E5DCAF /* SmallDocumentViewController.m */; };
		173D93131593DD68009650E4 /* Candidate+Factory.m in Sources */ = {isa = PBXBuildFile; fileRef = 08C903D21593C57F00E425BF /* Candidate+Factory.m */; };
		1744CEEE15700D3C0070B0D0 /* DataModel.xcdatamodeld in Sources */ = {isa = PBXBuildFile; fileRef = 1744CEEC15700D3C0070B0D0 /* DataModel.xcdatamodeld */; };
		175BE245157C5A160045AB1A /* QuestionsTableViewController.m in Sources */ = {isa = PBXBuildFile; fileRef = 175BE244157C5A160045AB1A /* QuestionsTableViewController.m */; };
		175BE24A157C5D130045AB1A /* QuestionTableCell.m in Sources */ = {isa = PBXBuildFile; fileRef = 175BE249157C5D130045AB1A /* QuestionTableCell.m */; };
		1760B01515A33D5200954C41 /* Common.m in Sources */ = {isa = PBXBuildFile; fileRef = 1760B01415A33D5200954C41 /* Common.m */; };
		1760B01815A33EFF00954C41 /* GradientLineView.m in Sources */ = {isa = PBXBuildFile; fileRef = 1760B01715A33EFF00954C41 /* GradientLineView.m */; };
		1760B01E15A352E000954C41 /* logoType.png in Resources */ = {isa = PBXBuildFile; fileRef = 1760B01D15A352E000954C41 /* logoType.png */; };
		1760B02315A3717C00954C41 /* plus-symbol.png in Resources */ = {isa = PBXBuildFile; fileRef = 1760B01F15A3717C00954C41 /* plus-symbol.png */; };
		1760B02415A3717C00954C41 /* plus-symbol@2x.png in Resources */ = {isa = PBXBuildFile; fileRef = 1760B02015A3717C00954C41 /* plus-symbol@2x.png */; };
		1760B02515A3717C00954C41 /* remove-symbol.png in Resources */ = {isa = PBXBuildFile; fileRef = 1760B02115A3717C00954C41 /* remove-symbol.png */; };
		1760B02615A3717C00954C41 /* remove-symbol@2x.png in Resources */ = {isa = PBXBuildFile; fileRef = 1760B02215A3717C00954C41 /* remove-symbol@2x.png */; };
		1760B03115A374D000954C41 /* seamlesstexture11_1200.png in Resources */ = {isa = PBXBuildFile; fileRef = 1760B02F15A374D000954C41 /* seamlesstexture11_1200.png */; };
		1760B03215A374D000954C41 /* seamlesstexture11_1200@2x.png in Resources */ = {isa = PBXBuildFile; fileRef = 1760B03015A374D000954C41 /* seamlesstexture11_1200@2x.png */; };
		1760B03515A37CC300954C41 /* leather.png in Resources */ = {isa = PBXBuildFile; fileRef = 1760B03315A37CC300954C41 /* leather.png */; };
		1760B03615A37CC300954C41 /* leather@2x.png in Resources */ = {isa = PBXBuildFile; fileRef = 1760B03415A37CC300954C41 /* leather@2x.png */; };
		1760B03B15A381F900954C41 /* book-cover-011.png in Resources */ = {isa = PBXBuildFile; fileRef = 1760B03915A381F900954C41 /* book-cover-011.png */; };
		1760B03C15A381F900954C41 /* book-cover-011@2x.png in Resources */ = {isa = PBXBuildFile; fileRef = 1760B03A15A381F900954C41 /* book-cover-011@2x.png */; };
		1760B03E15A384C000954C41 /* seamlesstexture13_1200.jpg in Resources */ = {isa = PBXBuildFile; fileRef = 1760B03D15A384C000954C41 /* seamlesstexture13_1200.jpg */; };
		1760B04115A38F2C00954C41 /* document.png in Resources */ = {isa = PBXBuildFile; fileRef = 1760B03F15A38F2B00954C41 /* document.png */; };
		1760B04215A38F2C00954C41 /* document@2x.png in Resources */ = {isa = PBXBuildFile; fileRef = 1760B04015A38F2B00954C41 /* document@2x.png */; };
		1760B04C15A3F7DB00954C41 /* MBProgressHUD.m in Sources */ = {isa = PBXBuildFile; fileRef = 1760B04B15A3F7DB00954C41 /* MBProgressHUD.m */; };
		1760B04F15A4011400954C41 /* ShadowView.m in Sources */ = {isa = PBXBuildFile; fileRef = 1760B04E15A4011300954C41 /* ShadowView.m */; };
		177BD81715AF6A5C0099C178 /* ShadowTableFooterView.m in Sources */ = {isa = PBXBuildFile; fileRef = 177BD81615AF6A5C0099C178 /* ShadowTableFooterView.m */; };
		1789F8CA156D27BE00007532 /* UIKit.framework in Frameworks */ = {isa = PBXBuildFile; fileRef = 1789F8C9156D27BE00007532 /* UIKit.framework */; };
		1789F8CC156D27BE00007532 /* Foundation.framework in Frameworks */ = {isa = PBXBuildFile; fileRef = 1789F8CB156D27BE00007532 /* Foundation.framework */; };
		1789F8CE156D27BE00007532 /* CoreGraphics.framework in Frameworks */ = {isa = PBXBuildFile; fileRef = 1789F8CD156D27BE00007532 /* CoreGraphics.framework */; };
		1789F8D4156D27BE00007532 /* InfoPlist.strings in Resources */ = {isa = PBXBuildFile; fileRef = 1789F8D2156D27BE00007532 /* InfoPlist.strings */; };
		1789F8D6156D27BE00007532 /* main.m in Sources */ = {isa = PBXBuildFile; fileRef = 1789F8D5156D27BE00007532 /* main.m */; };
		1789F8DA156D27BE00007532 /* AppDelegate.m in Sources */ = {isa = PBXBuildFile; fileRef = 1789F8D9156D27BE00007532 /* AppDelegate.m */; };
		1789F8E8156D27BE00007532 /* SenTestingKit.framework in Frameworks */ = {isa = PBXBuildFile; fileRef = 1789F8E7156D27BE00007532 /* SenTestingKit.framework */; };
		1789F8E9156D27BE00007532 /* UIKit.framework in Frameworks */ = {isa = PBXBuildFile; fileRef = 1789F8C9156D27BE00007532 /* UIKit.framework */; };
		1789F8EA156D27BE00007532 /* Foundation.framework in Frameworks */ = {isa = PBXBuildFile; fileRef = 1789F8CB156D27BE00007532 /* Foundation.framework */; };
		1789F8F2156D27BE00007532 /* InfoPlist.strings in Resources */ = {isa = PBXBuildFile; fileRef = 1789F8F0156D27BE00007532 /* InfoPlist.strings */; };
		1789F8F5156D27BE00007532 /* HrInterviewAppTests.m in Sources */ = {isa = PBXBuildFile; fileRef = 1789F8F4156D27BE00007532 /* HrInterviewAppTests.m */; };
		178FF296157FF98E00350C59 /* Default-Portrait~ipad.png in Resources */ = {isa = PBXBuildFile; fileRef = 17D8583A157FC33A00AB2803 /* Default-Portrait~ipad.png */; };
		178FF297157FF9B700350C59 /* Default-Landscape~ipad.png in Resources */ = {isa = PBXBuildFile; fileRef = 17D85838157FC33400AB2803 /* Default-Landscape~ipad.png */; };
		178FF299157FF9E100350C59 /* Default-Portrait@2x~ipad.png in Resources */ = {isa = PBXBuildFile; fileRef = 178FF298157FF9E000350C59 /* Default-Portrait@2x~ipad.png */; };
		178FF29B157FF9EA00350C59 /* Default-Landscape@2x~ipad.png in Resources */ = {isa = PBXBuildFile; fileRef = 178FF29A157FF9EA00350C59 /* Default-Landscape@2x~ipad.png */; };
		178FF29E15803C6000350C59 /* SyncService.m in Sources */ = {isa = PBXBuildFile; fileRef = 178FF29D15803C6000350C59 /* SyncService.m */; };
		178FF2A21580404000350C59 /* TechnicalQuestion+Factory.m in Sources */ = {isa = PBXBuildFile; fileRef = 178FF2A11580404000350C59 /* TechnicalQuestion+Factory.m */; };
		178FF2D5158045CD00350C59 /* Major+Factory.m in Sources */ = {isa = PBXBuildFile; fileRef = 178FF2D4158045CD00350C59 /* Major+Factory.m */; };
		178FF2D8158046D100350C59 /* Location+Factory.m in Sources */ = {isa = PBXBuildFile; fileRef = 178FF2D7158046D100350C59 /* Location+Factory.m */; };
		1790FA1115924C9A00C40CA3 /* MapKit.framework in Frameworks */ = {isa = PBXBuildFile; fileRef = 1790FA1015924C9900C40CA3 /* MapKit.framework */; };
		17BBE1B415897A7100F6507A /* (null) in Sources */ = {isa = PBXBuildFile; };
		17BEC2B4156D591600562490 /* CoreData.framework in Frameworks */ = {isa = PBXBuildFile; fileRef = 17BEC2B3156D591600562490 /* CoreData.framework */; };
		17D8582F157EE09500AB2803 /* CloudHelper.m in Sources */ = {isa = PBXBuildFile; fileRef = 17D8582E157EE09500AB2803 /* CloudHelper.m */; };
		17D85832157EEE8100AB2803 /* ScreenDocument.m in Sources */ = {isa = PBXBuildFile; fileRef = 17D85831157EEE8100AB2803 /* ScreenDocument.m */; };
		17E60C5E15925252000752E1 /* Location.m in Sources */ = {isa = PBXBuildFile; fileRef = 17E60C5D15925252000752E1 /* Location.m */; };
		17E60C691592A79E000752E1 /* PlaceholderView.m in Sources */ = {isa = PBXBuildFile; fileRef = 17E60C681592A79E000752E1 /* PlaceholderView.m */; };
		17E60C701592B173000752E1 /* PreferredLocation.m in Sources */ = {isa = PBXBuildFile; fileRef = 17E60C6F1592B173000752E1 /* PreferredLocation.m */; };
		17F7B7FC15AA692E00035F2F /* PepperButton.m in Sources */ = {isa = PBXBuildFile; fileRef = 17F7B7FB15AA692E00035F2F /* PepperButton.m */; };
		D2136B4215AA319300004505 /* forwardbutton@2x.png in Resources */ = {isa = PBXBuildFile; fileRef = D2136B4115AA319300004505 /* forwardbutton@2x.png */; };
		D2136B4515AA380A00004505 /* 53-house@2x.png in Resources */ = {isa = PBXBuildFile; fileRef = D2136B4415AA380A00004505 /* 53-house@2x.png */; };
		D2136B4715AA383300004505 /* 53-house.png in Resources */ = {isa = PBXBuildFile; fileRef = D2136B4615AA383300004505 /* 53-house.png */; };
		D23BFAAC15B8D92A00E99727 /* Major.m in Sources */ = {isa = PBXBuildFile; fileRef = D23BFAAB15B8D92A00E99727 /* Major.m */; };
		D24E09C315B90BD3003FBEE4 /* Candidate.m in Sources */ = {isa = PBXBuildFile; fileRef = D24E09C215B90BD3003FBEE4 /* Candidate.m */; };
/* End PBXBuildFile section */

/* Begin PBXContainerItemProxy section */
		1789F8EB156D27BE00007532 /* PBXContainerItemProxy */ = {
			isa = PBXContainerItemProxy;
			containerPortal = 1789F8BC156D27BD00007532 /* Project object */;
			proxyType = 1;
			remoteGlobalIDString = 1789F8C4156D27BE00007532;
			remoteInfo = HrInterviewApp;
		};
/* End PBXContainerItemProxy section */

/* Begin PBXFileReference section */
		08159FDE15ADC4A60061AEC5 /* glyphicons_020_home.png */ = {isa = PBXFileReference; lastKnownFileType = image.png; path = glyphicons_020_home.png; sourceTree = "<group>"; };
		08159FDF15ADC4A60061AEC5 /* glyphicons_020_home@2x.png */ = {isa = PBXFileReference; lastKnownFileType = image.png; path = "glyphicons_020_home@2x.png"; sourceTree = "<group>"; };
		08159FE515ADD1800061AEC5 /* QuestionTableBackgroundView.h */ = {isa = PBXFileReference; fileEncoding = 4; lastKnownFileType = sourcecode.c.h; path = QuestionTableBackgroundView.h; sourceTree = "<group>"; };
		08159FE615ADD1800061AEC5 /* QuestionTableBackgroundView.m */ = {isa = PBXFileReference; fileEncoding = 4; lastKnownFileType = sourcecode.c.objc; path = QuestionTableBackgroundView.m; sourceTree = "<group>"; };
		083C2BF015AE23340079EF97 /* seamlesstexture30_1200@2x.png */ = {isa = PBXFileReference; lastKnownFileType = image.png; path = "seamlesstexture30_1200@2x.png"; sourceTree = "<group>"; };
		083C2BF215AE23390079EF97 /* seamlesstexture30_1200.png */ = {isa = PBXFileReference; lastKnownFileType = image.png; path = seamlesstexture30_1200.png; sourceTree = "<group>"; };
		0865EBDA159A35FB00903049 /* libTestFlight.a */ = {isa = PBXFileReference; lastKnownFileType = archive.ar; path = libTestFlight.a; sourceTree = "<group>"; };
		0865EBDB159A35FB00903049 /* README.txt */ = {isa = PBXFileReference; fileEncoding = 4; lastKnownFileType = text; path = README.txt; sourceTree = "<group>"; };
		0865EBDC159A35FB00903049 /* release_notes.txt */ = {isa = PBXFileReference; fileEncoding = 4; lastKnownFileType = text; path = release_notes.txt; sourceTree = "<group>"; };
		0865EBDD159A35FB00903049 /* TestFlight.h */ = {isa = PBXFileReference; fileEncoding = 4; lastKnownFileType = sourcecode.c.h; path = TestFlight.h; sourceTree = "<group>"; };
		0865EBE2159A364B00903049 /* libz.dylib */ = {isa = PBXFileReference; lastKnownFileType = "compiled.mach-o.dylib"; name = libz.dylib; path = usr/lib/libz.dylib; sourceTree = SDKROOT; };
		086DE29D15AB286E0087F4C7 /* ShadowTableHeaderView.h */ = {isa = PBXFileReference; fileEncoding = 4; lastKnownFileType = sourcecode.c.h; path = ShadowTableHeaderView.h; sourceTree = "<group>"; };
		086DE29E15AB286E0087F4C7 /* ShadowTableHeaderView.m */ = {isa = PBXFileReference; fileEncoding = 4; lastKnownFileType = sourcecode.c.objc; path = ShadowTableHeaderView.m; sourceTree = "<group>"; };
		086DE2A115AB3A170087F4C7 /* ReviewTableViewController.h */ = {isa = PBXFileReference; fileEncoding = 4; lastKnownFileType = sourcecode.c.h; path = ReviewTableViewController.h; sourceTree = "<group>"; };
		086DE2A215AB3A170087F4C7 /* ReviewTableViewController.m */ = {isa = PBXFileReference; fileEncoding = 4; lastKnownFileType = sourcecode.c.objc; path = ReviewTableViewController.m; sourceTree = "<group>"; };
		086DE2A415AB51610087F4C7 /* RatingCircleView.h */ = {isa = PBXFileReference; fileEncoding = 4; lastKnownFileType = sourcecode.c.h; path = RatingCircleView.h; sourceTree = "<group>"; };
		086DE2A515AB51610087F4C7 /* RatingCircleView.m */ = {isa = PBXFileReference; fileEncoding = 4; lastKnownFileType = sourcecode.c.objc; path = RatingCircleView.m; sourceTree = "<group>"; };
		086DE2A715AB5C180087F4C7 /* RatingColors.plist */ = {isa = PBXFileReference; fileEncoding = 4; lastKnownFileType = text.plist.xml; path = RatingColors.plist; sourceTree = "<group>"; };
		0873C9F115AB705D00D0FE4F /* pepper-symbol.png */ = {isa = PBXFileReference; lastKnownFileType = image.png; path = "pepper-symbol.png"; sourceTree = "<group>"; };
		0873C9F215AB705D00D0FE4F /* pepper-symbol@2x.png */ = {isa = PBXFileReference; lastKnownFileType = image.png; path = "pepper-symbol@2x.png"; sourceTree = "<group>"; };
		0873C9FA15AB79E900D0FE4F /* pepper-symbol-selected.png */ = {isa = PBXFileReference; lastKnownFileType = image.png; path = "pepper-symbol-selected.png"; sourceTree = "<group>"; };
		0873C9FB15AB79E900D0FE4F /* pepper-symbol-selected@2x.png */ = {isa = PBXFileReference; lastKnownFileType = image.png; path = "pepper-symbol-selected@2x.png"; sourceTree = "<group>"; };
		08B9EE1B15A231D80057240C /* ScreenDocumentViewController.h */ = {isa = PBXFileReference; fileEncoding = 4; lastKnownFileType = sourcecode.c.h; path = ScreenDocumentViewController.h; sourceTree = "<group>"; };
		08B9EE1C15A231D80057240C /* ScreenDocumentViewController.m */ = {isa = PBXFileReference; fileEncoding = 4; lastKnownFileType = sourcecode.c.objc; path = ScreenDocumentViewController.m; sourceTree = "<group>"; };
		08C903D11593C57F00E425BF /* Candidate+Factory.h */ = {isa = PBXFileReference; fileEncoding = 4; lastKnownFileType = sourcecode.c.h; path = "Candidate+Factory.h"; sourceTree = "<group>"; };
		08C903D21593C57F00E425BF /* Candidate+Factory.m */ = {isa = PBXFileReference; fileEncoding = 4; lastKnownFileType = sourcecode.c.objc; path = "Candidate+Factory.m"; sourceTree = "<group>"; };
		08E6F42F15A7756A0003EA5C /* pepper.png */ = {isa = PBXFileReference; lastKnownFileType = image.png; path = pepper.png; sourceTree = "<group>"; };
		08E6F43015A7756A0003EA5C /* pepper@2x.png */ = {isa = PBXFileReference; lastKnownFileType = image.png; path = "pepper@2x.png"; sourceTree = "<group>"; };
		10688180159000E0001E0BAF /* LocationPickerViewController.h */ = {isa = PBXFileReference; fileEncoding = 4; lastKnownFileType = sourcecode.c.h; path = LocationPickerViewController.h; sourceTree = "<group>"; };
		10688181159000E0001E0BAF /* LocationPickerViewController.m */ = {isa = PBXFileReference; fileEncoding = 4; lastKnownFileType = sourcecode.c.objc; path = LocationPickerViewController.m; sourceTree = "<group>"; };
		1068818315900A50001E0BAF /* MajorViewController.h */ = {isa = PBXFileReference; fileEncoding = 4; lastKnownFileType = sourcecode.c.h; path = MajorViewController.h; sourceTree = "<group>"; };
		1068818415900A50001E0BAF /* MajorViewController.m */ = {isa = PBXFileReference; fileEncoding = 4; lastKnownFileType = sourcecode.c.objc; path = MajorViewController.m; sourceTree = "<group>"; };
		10A72B441592A1E1008BF079 /* GradDateViewController.h */ = {isa = PBXFileReference; fileEncoding = 4; lastKnownFileType = sourcecode.c.h; path = GradDateViewController.h; sourceTree = "<group>"; };
		10A72B451592A1E1008BF079 /* GradDateViewController.m */ = {isa = PBXFileReference; fileEncoding = 4; lastKnownFileType = sourcecode.c.objc; path = GradDateViewController.m; sourceTree = "<group>"; };
		10E6EB9A157F9662004995A6 /* CandidateTableViewController.h */ = {isa = PBXFileReference; fileEncoding = 4; lastKnownFileType = sourcecode.c.h; path = CandidateTableViewController.h; sourceTree = "<group>"; };
		10E6EB9B157F9662004995A6 /* CandidateTableViewController.m */ = {isa = PBXFileReference; fileEncoding = 4; lastKnownFileType = sourcecode.c.objc; path = CandidateTableViewController.m; sourceTree = "<group>"; };
		10F214AD1593B27A00AC2A9C /* TechnicalSkillsTableViewController.h */ = {isa = PBXFileReference; fileEncoding = 4; lastKnownFileType = sourcecode.c.h; name = TechnicalSkillsTableViewController.h; path = ../TechnicalSkillsTableViewController.h; sourceTree = "<group>"; };
		10F214AE1593B27A00AC2A9C /* TechnicalSkillsTableViewController.m */ = {isa = PBXFileReference; fileEncoding = 4; lastKnownFileType = sourcecode.c.objc; name = TechnicalSkillsTableViewController.m; path = ../TechnicalSkillsTableViewController.m; sourceTree = "<group>"; };
		10F214B01593B67E00AC2A9C /* TeamTableViewController.h */ = {isa = PBXFileReference; fileEncoding = 4; lastKnownFileType = sourcecode.c.h; path = TeamTableViewController.h; sourceTree = "<group>"; };
		10F214B11593B67E00AC2A9C /* TeamTableViewController.m */ = {isa = PBXFileReference; fileEncoding = 4; lastKnownFileType = sourcecode.c.objc; path = TeamTableViewController.m; sourceTree = "<group>"; };
		170506C415AD1CBC00F9631B /* GradientCellBackgroundView.h */ = {isa = PBXFileReference; fileEncoding = 4; lastKnownFileType = sourcecode.c.h; path = GradientCellBackgroundView.h; sourceTree = "<group>"; };
		170506C515AD1CBC00F9631B /* GradientCellBackgroundView.m */ = {isa = PBXFileReference; fileEncoding = 4; lastKnownFileType = sourcecode.c.objc; path = GradientCellBackgroundView.m; sourceTree = "<group>"; };
		1712CA0515ACC4AC00CA856B /* glyphicons_206_ok_2.png */ = {isa = PBXFileReference; lastKnownFileType = image.png; path = glyphicons_206_ok_2.png; sourceTree = "<group>"; };
		1712CA0615ACC4AC00CA856B /* glyphicons_206_ok_2@2x.png */ = {isa = PBXFileReference; lastKnownFileType = image.png; path = "glyphicons_206_ok_2@2x.png"; sourceTree = "<group>"; };
		1712CA0715ACC4AC00CA856B /* glyphicons_207_remove_2.png */ = {isa = PBXFileReference; lastKnownFileType = image.png; path = glyphicons_207_remove_2.png; sourceTree = "<group>"; };
		1712CA0815ACC4AC00CA856B /* glyphicons_207_remove_2@2x.png */ = {isa = PBXFileReference; lastKnownFileType = image.png; path = "glyphicons_207_remove_2@2x.png"; sourceTree = "<group>"; };
		1713E83B1575A50B00B00CD1 /* LoginModalViewController.h */ = {isa = PBXFileReference; fileEncoding = 4; lastKnownFileType = sourcecode.c.h; path = LoginModalViewController.h; sourceTree = "<group>"; };
		1713E83C1575A50B00B00CD1 /* LoginModalViewController.m */ = {isa = PBXFileReference; fileEncoding = 4; lastKnownFileType = sourcecode.c.objc; path = LoginModalViewController.m; sourceTree = "<group>"; };
		1713E83F1575AA6300B00CD1 /* LoginModalBackgroundView.h */ = {isa = PBXFileReference; fileEncoding = 4; lastKnownFileType = sourcecode.c.h; path = LoginModalBackgroundView.h; sourceTree = "<group>"; };
		1713E8401575AA6300B00CD1 /* LoginModalBackgroundView.m */ = {isa = PBXFileReference; fileEncoding = 4; lastKnownFileType = sourcecode.c.objc; path = LoginModalBackgroundView.m; sourceTree = "<group>"; };
		1713E8421575AB5F00B00CD1 /* QuartzCore.framework */ = {isa = PBXFileReference; lastKnownFileType = wrapper.framework; name = QuartzCore.framework; path = System/Library/Frameworks/QuartzCore.framework; sourceTree = SDKROOT; };
		1713E84A1576A12400B00CD1 /* ECSlidingViewController.h */ = {isa = PBXFileReference; fileEncoding = 4; lastKnownFileType = sourcecode.c.h; path = ECSlidingViewController.h; sourceTree = "<group>"; };
		1713E84B1576A12400B00CD1 /* ECSlidingViewController.m */ = {isa = PBXFileReference; fileEncoding = 4; lastKnownFileType = sourcecode.c.objc; path = ECSlidingViewController.m; sourceTree = "<group>"; };
		1713E84C1576A12400B00CD1 /* UIImage+ImageWithUIView.h */ = {isa = PBXFileReference; fileEncoding = 4; lastKnownFileType = sourcecode.c.h; path = "UIImage+ImageWithUIView.h"; sourceTree = "<group>"; };
		1713E84D1576A12400B00CD1 /* UIImage+ImageWithUIView.m */ = {isa = PBXFileReference; fileEncoding = 4; lastKnownFileType = sourcecode.c.objc; path = "UIImage+ImageWithUIView.m"; sourceTree = "<group>"; };
		1713E8611576F58300B00CD1 /* RatingView.h */ = {isa = PBXFileReference; fileEncoding = 4; lastKnownFileType = sourcecode.c.h; path = RatingView.h; sourceTree = "<group>"; };
		1713E8621576F58300B00CD1 /* RatingView.m */ = {isa = PBXFileReference; fileEncoding = 4; lastKnownFileType = sourcecode.c.objc; path = RatingView.m; sourceTree = "<group>"; };
		1713E8641577070800B00CD1 /* SmallNumberView.h */ = {isa = PBXFileReference; fileEncoding = 4; lastKnownFileType = sourcecode.c.h; path = SmallNumberView.h; sourceTree = "<group>"; };
		1713E8651577070800B00CD1 /* SmallNumberView.m */ = {isa = PBXFileReference; fileEncoding = 4; lastKnownFileType = sourcecode.c.objc; path = SmallNumberView.m; sourceTree = "<group>"; };
		1713E8671577071D00B00CD1 /* SelectedNumberView.h */ = {isa = PBXFileReference; fileEncoding = 4; lastKnownFileType = sourcecode.c.h; path = SelectedNumberView.h; sourceTree = "<group>"; };
		1713E8681577071D00B00CD1 /* SelectedNumberView.m */ = {isa = PBXFileReference; fileEncoding = 4; lastKnownFileType = sourcecode.c.objc; path = SelectedNumberView.m; sourceTree = "<group>"; };
		1720AFCC1582445A00DAE4E4 /* 111-user.png */ = {isa = PBXFileReference; lastKnownFileType = image.png; path = "111-user.png"; sourceTree = "<group>"; };
		1720AFCF1582446800DAE4E4 /* 111-user@2x.png */ = {isa = PBXFileReference; lastKnownFileType = image.png; path = "111-user@2x.png"; sourceTree = "<group>"; };
		1720AFD1158244A400DAE4E4 /* 179-notepad.png */ = {isa = PBXFileReference; lastKnownFileType = image.png; path = "179-notepad.png"; sourceTree = "<group>"; };
		1720AFD2158244A400DAE4E4 /* 179-notepad@2x.png */ = {isa = PBXFileReference; lastKnownFileType = image.png; path = "179-notepad@2x.png"; sourceTree = "<group>"; };
		1720AFD5158246C500DAE4E4 /* 09-chat-2.png */ = {isa = PBXFileReference; lastKnownFileType = image.png; path = "09-chat-2.png"; sourceTree = "<group>"; };
		1720AFD6158246C500DAE4E4 /* 09-chat-2@2x.png */ = {isa = PBXFileReference; lastKnownFileType = image.png; path = "09-chat-2@2x.png"; sourceTree = "<group>"; };
		1720AFD9158247F100DAE4E4 /* 117-todo.png */ = {isa = PBXFileReference; lastKnownFileType = image.png; path = "117-todo.png"; sourceTree = "<group>"; };
		1720AFDA158247F100DAE4E4 /* 117-todo@2x.png */ = {isa = PBXFileReference; lastKnownFileType = image.png; path = "117-todo@2x.png"; sourceTree = "<group>"; };
		1720AFE71583C8D600DAE4E4 /* glyphicons_190_circle_plus@2x.png */ = {isa = PBXFileReference; lastKnownFileType = image.png; path = "glyphicons_190_circle_plus@2x.png"; sourceTree = "<group>"; };
		1720AFE91583C90500DAE4E4 /* glyphicons_190_circle_plus.png */ = {isa = PBXFileReference; lastKnownFileType = image.png; path = glyphicons_190_circle_plus.png; sourceTree = "<group>"; };
		1720AFEB1583C98700DAE4E4 /* glyphicons_192_circle_remove.png */ = {isa = PBXFileReference; lastKnownFileType = image.png; path = glyphicons_192_circle_remove.png; sourceTree = "<group>"; };
		1720AFEC1583C98700DAE4E4 /* glyphicons_192_circle_remove@2x.png */ = {isa = PBXFileReference; lastKnownFileType = image.png; path = "glyphicons_192_circle_remove@2x.png"; sourceTree = "<group>"; };
		1720B0341586940900DAE4E4 /* MainStoryboard.storyboard */ = {isa = PBXFileReference; fileEncoding = 4; lastKnownFileType = file.storyboard; name = MainStoryboard.storyboard; path = ../MainStoryboard.storyboard; sourceTree = "<group>"; };
		17258809159135470018524B /* AlphaModel.xcdatamodel */ = {isa = PBXFileReference; lastKnownFileType = wrapper.xcdatamodel; path = AlphaModel.xcdatamodel; sourceTree = "<group>"; };
		1725880A15913D890018524B /* TechnicalSkill.h */ = {isa = PBXFileReference; fileEncoding = 4; lastKnownFileType = sourcecode.c.h; path = TechnicalSkill.h; sourceTree = "<group>"; };
		1725880B15913D890018524B /* TechnicalSkill.m */ = {isa = PBXFileReference; fileEncoding = 4; lastKnownFileType = sourcecode.c.objc; path = TechnicalSkill.m; sourceTree = "<group>"; };
		1725880D15913D890018524B /* Event.h */ = {isa = PBXFileReference; fileEncoding = 4; lastKnownFileType = sourcecode.c.h; path = Event.h; sourceTree = "<group>"; };
		1725880E15913D890018524B /* Event.m */ = {isa = PBXFileReference; fileEncoding = 4; lastKnownFileType = sourcecode.c.objc; path = Event.m; sourceTree = "<group>"; };
		1725881015913D890018524B /* Response.h */ = {isa = PBXFileReference; fileEncoding = 4; lastKnownFileType = sourcecode.c.h; path = Response.h; sourceTree = "<group>"; };
		1725881115913D890018524B /* Response.m */ = {isa = PBXFileReference; fileEncoding = 4; lastKnownFileType = sourcecode.c.objc; path = Response.m; sourceTree = "<group>"; };
		1725881915913D8A0018524B /* Screening.h */ = {isa = PBXFileReference; fileEncoding = 4; lastKnownFileType = sourcecode.c.h; path = Screening.h; sourceTree = "<group>"; };
		1725881A15913D8A0018524B /* Screening.m */ = {isa = PBXFileReference; fileEncoding = 4; lastKnownFileType = sourcecode.c.objc; path = Screening.m; sourceTree = "<group>"; };
		1725881C15913D8A0018524B /* TechnicalQuestion.h */ = {isa = PBXFileReference; fileEncoding = 4; lastKnownFileType = sourcecode.c.h; path = TechnicalQuestion.h; sourceTree = "<group>"; };
		1725881D15913D8B0018524B /* TechnicalQuestion.m */ = {isa = PBXFileReference; fileEncoding = 4; lastKnownFileType = sourcecode.c.objc; path = TechnicalQuestion.m; sourceTree = "<group>"; };
		173B794815A27DBA00E5DCAF /* PagingScrollViewWrapperView.h */ = {isa = PBXFileReference; fileEncoding = 4; lastKnownFileType = sourcecode.c.h; path = PagingScrollViewWrapperView.h; sourceTree = "<group>"; };
		173B794915A27DBA00E5DCAF /* PagingScrollViewWrapperView.m */ = {isa = PBXFileReference; fileEncoding = 4; lastKnownFileType = sourcecode.c.objc; path = PagingScrollViewWrapperView.m; sourceTree = "<group>"; };
		173B794F15A282E800E5DCAF /* SmallDocumentViewController.h */ = {isa = PBXFileReference; fileEncoding = 4; lastKnownFileType = sourcecode.c.h; path = SmallDocumentViewController.h; sourceTree = "<group>"; };
		173B795015A282E800E5DCAF /* SmallDocumentViewController.m */ = {isa = PBXFileReference; fileEncoding = 4; lastKnownFileType = sourcecode.c.objc; path = SmallDocumentViewController.m; sourceTree = "<group>"; };
		1744CEED15700D3C0070B0D0 /* InitialModel.xcdatamodel */ = {isa = PBXFileReference; lastKnownFileType = wrapper.xcdatamodel; path = InitialModel.xcdatamodel; sourceTree = "<group>"; };
		175BE243157C5A160045AB1A /* QuestionsTableViewController.h */ = {isa = PBXFileReference; fileEncoding = 4; lastKnownFileType = sourcecode.c.h; path = QuestionsTableViewController.h; sourceTree = "<group>"; };
		175BE244157C5A160045AB1A /* QuestionsTableViewController.m */ = {isa = PBXFileReference; fileEncoding = 4; lastKnownFileType = sourcecode.c.objc; path = QuestionsTableViewController.m; sourceTree = "<group>"; };
		175BE248157C5D130045AB1A /* QuestionTableCell.h */ = {isa = PBXFileReference; fileEncoding = 4; lastKnownFileType = sourcecode.c.h; path = QuestionTableCell.h; sourceTree = "<group>"; };
		175BE249157C5D130045AB1A /* QuestionTableCell.m */ = {isa = PBXFileReference; fileEncoding = 4; lastKnownFileType = sourcecode.c.objc; path = QuestionTableCell.m; sourceTree = "<group>"; };
		1760B01315A33D5200954C41 /* Common.h */ = {isa = PBXFileReference; fileEncoding = 4; lastKnownFileType = sourcecode.c.h; path = Common.h; sourceTree = "<group>"; };
		1760B01415A33D5200954C41 /* Common.m */ = {isa = PBXFileReference; fileEncoding = 4; lastKnownFileType = sourcecode.c.objc; path = Common.m; sourceTree = "<group>"; };
		1760B01615A33EFF00954C41 /* GradientLineView.h */ = {isa = PBXFileReference; fileEncoding = 4; lastKnownFileType = sourcecode.c.h; path = GradientLineView.h; sourceTree = "<group>"; };
		1760B01715A33EFF00954C41 /* GradientLineView.m */ = {isa = PBXFileReference; fileEncoding = 4; lastKnownFileType = sourcecode.c.objc; path = GradientLineView.m; sourceTree = "<group>"; };
		1760B01D15A352E000954C41 /* logoType.png */ = {isa = PBXFileReference; lastKnownFileType = image.png; path = logoType.png; sourceTree = "<group>"; };
		1760B01F15A3717C00954C41 /* plus-symbol.png */ = {isa = PBXFileReference; lastKnownFileType = image.png; path = "plus-symbol.png"; sourceTree = "<group>"; };
		1760B02015A3717C00954C41 /* plus-symbol@2x.png */ = {isa = PBXFileReference; lastKnownFileType = image.png; path = "plus-symbol@2x.png"; sourceTree = "<group>"; };
		1760B02115A3717C00954C41 /* remove-symbol.png */ = {isa = PBXFileReference; lastKnownFileType = image.png; path = "remove-symbol.png"; sourceTree = "<group>"; };
		1760B02215A3717C00954C41 /* remove-symbol@2x.png */ = {isa = PBXFileReference; lastKnownFileType = image.png; path = "remove-symbol@2x.png"; sourceTree = "<group>"; };
		1760B02F15A374D000954C41 /* seamlesstexture11_1200.png */ = {isa = PBXFileReference; lastKnownFileType = image.png; path = seamlesstexture11_1200.png; sourceTree = "<group>"; };
		1760B03015A374D000954C41 /* seamlesstexture11_1200@2x.png */ = {isa = PBXFileReference; lastKnownFileType = image.png; path = "seamlesstexture11_1200@2x.png"; sourceTree = "<group>"; };
		1760B03315A37CC300954C41 /* leather.png */ = {isa = PBXFileReference; lastKnownFileType = image.png; path = leather.png; sourceTree = "<group>"; };
		1760B03415A37CC300954C41 /* leather@2x.png */ = {isa = PBXFileReference; lastKnownFileType = image.png; path = "leather@2x.png"; sourceTree = "<group>"; };
		1760B03915A381F900954C41 /* book-cover-011.png */ = {isa = PBXFileReference; lastKnownFileType = image.png; path = "book-cover-011.png"; sourceTree = "<group>"; };
		1760B03A15A381F900954C41 /* book-cover-011@2x.png */ = {isa = PBXFileReference; lastKnownFileType = image.png; path = "book-cover-011@2x.png"; sourceTree = "<group>"; };
		1760B03D15A384C000954C41 /* seamlesstexture13_1200.jpg */ = {isa = PBXFileReference; lastKnownFileType = image.jpeg; path = seamlesstexture13_1200.jpg; sourceTree = "<group>"; };
		1760B03F15A38F2B00954C41 /* document.png */ = {isa = PBXFileReference; lastKnownFileType = image.png; path = document.png; sourceTree = "<group>"; };
		1760B04015A38F2B00954C41 /* document@2x.png */ = {isa = PBXFileReference; lastKnownFileType = image.png; path = "document@2x.png"; sourceTree = "<group>"; };
		1760B04A15A3F7DB00954C41 /* MBProgressHUD.h */ = {isa = PBXFileReference; fileEncoding = 4; lastKnownFileType = sourcecode.c.h; path = MBProgressHUD.h; sourceTree = "<group>"; };
		1760B04B15A3F7DB00954C41 /* MBProgressHUD.m */ = {isa = PBXFileReference; fileEncoding = 4; lastKnownFileType = sourcecode.c.objc; path = MBProgressHUD.m; sourceTree = "<group>"; };
		1760B04D15A4011300954C41 /* ShadowView.h */ = {isa = PBXFileReference; fileEncoding = 4; lastKnownFileType = sourcecode.c.h; path = ShadowView.h; sourceTree = "<group>"; };
		1760B04E15A4011300954C41 /* ShadowView.m */ = {isa = PBXFileReference; fileEncoding = 4; lastKnownFileType = sourcecode.c.objc; path = ShadowView.m; sourceTree = "<group>"; };
		177BD81515AF6A5C0099C178 /* ShadowTableFooterView.h */ = {isa = PBXFileReference; fileEncoding = 4; lastKnownFileType = sourcecode.c.h; path = ShadowTableFooterView.h; sourceTree = "<group>"; };
		177BD81615AF6A5C0099C178 /* ShadowTableFooterView.m */ = {isa = PBXFileReference; fileEncoding = 4; lastKnownFileType = sourcecode.c.objc; path = ShadowTableFooterView.m; sourceTree = "<group>"; };
		1789F8C5156D27BE00007532 /* HrInterviewApp.app */ = {isa = PBXFileReference; explicitFileType = wrapper.application; includeInIndex = 0; path = HrInterviewApp.app; sourceTree = BUILT_PRODUCTS_DIR; };
		1789F8C9156D27BE00007532 /* UIKit.framework */ = {isa = PBXFileReference; lastKnownFileType = wrapper.framework; name = UIKit.framework; path = System/Library/Frameworks/UIKit.framework; sourceTree = SDKROOT; };
		1789F8CB156D27BE00007532 /* Foundation.framework */ = {isa = PBXFileReference; lastKnownFileType = wrapper.framework; name = Foundation.framework; path = System/Library/Frameworks/Foundation.framework; sourceTree = SDKROOT; };
		1789F8CD156D27BE00007532 /* CoreGraphics.framework */ = {isa = PBXFileReference; lastKnownFileType = wrapper.framework; name = CoreGraphics.framework; path = System/Library/Frameworks/CoreGraphics.framework; sourceTree = SDKROOT; };
		1789F8D1156D27BE00007532 /* HrInterviewApp-Info.plist */ = {isa = PBXFileReference; lastKnownFileType = text.plist.xml; path = "HrInterviewApp-Info.plist"; sourceTree = "<group>"; };
		1789F8D3156D27BE00007532 /* en */ = {isa = PBXFileReference; lastKnownFileType = text.plist.strings; name = en; path = en.lproj/InfoPlist.strings; sourceTree = "<group>"; };
		1789F8D5156D27BE00007532 /* main.m */ = {isa = PBXFileReference; lastKnownFileType = sourcecode.c.objc; path = main.m; sourceTree = "<group>"; };
		1789F8D7156D27BE00007532 /* HrInterviewApp-Prefix.pch */ = {isa = PBXFileReference; lastKnownFileType = sourcecode.c.h; path = "HrInterviewApp-Prefix.pch"; sourceTree = "<group>"; };
		1789F8D8156D27BE00007532 /* AppDelegate.h */ = {isa = PBXFileReference; lastKnownFileType = sourcecode.c.h; path = AppDelegate.h; sourceTree = "<group>"; };
		1789F8D9156D27BE00007532 /* AppDelegate.m */ = {isa = PBXFileReference; lastKnownFileType = sourcecode.c.objc; path = AppDelegate.m; sourceTree = "<group>"; };
		1789F8E6156D27BE00007532 /* HrInterviewAppTests.octest */ = {isa = PBXFileReference; explicitFileType = wrapper.cfbundle; includeInIndex = 0; path = HrInterviewAppTests.octest; sourceTree = BUILT_PRODUCTS_DIR; };
		1789F8E7156D27BE00007532 /* SenTestingKit.framework */ = {isa = PBXFileReference; lastKnownFileType = wrapper.framework; name = SenTestingKit.framework; path = Library/Frameworks/SenTestingKit.framework; sourceTree = DEVELOPER_DIR; };
		1789F8EF156D27BE00007532 /* HrInterviewAppTests-Info.plist */ = {isa = PBXFileReference; lastKnownFileType = text.plist.xml; path = "HrInterviewAppTests-Info.plist"; sourceTree = "<group>"; };
		1789F8F1156D27BE00007532 /* en */ = {isa = PBXFileReference; lastKnownFileType = text.plist.strings; name = en; path = en.lproj/InfoPlist.strings; sourceTree = "<group>"; };
		1789F8F3156D27BE00007532 /* HrInterviewAppTests.h */ = {isa = PBXFileReference; lastKnownFileType = sourcecode.c.h; path = HrInterviewAppTests.h; sourceTree = "<group>"; };
		1789F8F4156D27BE00007532 /* HrInterviewAppTests.m */ = {isa = PBXFileReference; lastKnownFileType = sourcecode.c.objc; path = HrInterviewAppTests.m; sourceTree = "<group>"; };
		178FF298157FF9E000350C59 /* Default-Portrait@2x~ipad.png */ = {isa = PBXFileReference; lastKnownFileType = image.png; name = "Default-Portrait@2x~ipad.png"; path = "../Default-Portrait@2x~ipad.png"; sourceTree = "<group>"; };
		178FF29A157FF9EA00350C59 /* Default-Landscape@2x~ipad.png */ = {isa = PBXFileReference; lastKnownFileType = image.png; name = "Default-Landscape@2x~ipad.png"; path = "../Default-Landscape@2x~ipad.png"; sourceTree = "<group>"; };
		178FF29C15803C6000350C59 /* SyncService.h */ = {isa = PBXFileReference; fileEncoding = 4; lastKnownFileType = sourcecode.c.h; path = SyncService.h; sourceTree = "<group>"; };
		178FF29D15803C6000350C59 /* SyncService.m */ = {isa = PBXFileReference; fileEncoding = 4; lastKnownFileType = sourcecode.c.objc; path = SyncService.m; sourceTree = "<group>"; };
		178FF2A01580404000350C59 /* TechnicalQuestion+Factory.h */ = {isa = PBXFileReference; fileEncoding = 4; lastKnownFileType = sourcecode.c.h; path = "TechnicalQuestion+Factory.h"; sourceTree = "<group>"; };
		178FF2A11580404000350C59 /* TechnicalQuestion+Factory.m */ = {isa = PBXFileReference; fileEncoding = 4; lastKnownFileType = sourcecode.c.objc; path = "TechnicalQuestion+Factory.m"; sourceTree = "<group>"; };
		178FF2D3158045CD00350C59 /* Major+Factory.h */ = {isa = PBXFileReference; fileEncoding = 4; lastKnownFileType = sourcecode.c.h; path = "Major+Factory.h"; sourceTree = "<group>"; };
		178FF2D4158045CD00350C59 /* Major+Factory.m */ = {isa = PBXFileReference; fileEncoding = 4; lastKnownFileType = sourcecode.c.objc; path = "Major+Factory.m"; sourceTree = "<group>"; };
		178FF2D6158046D100350C59 /* Location+Factory.h */ = {isa = PBXFileReference; fileEncoding = 4; lastKnownFileType = sourcecode.c.h; path = "Location+Factory.h"; sourceTree = "<group>"; };
		178FF2D7158046D100350C59 /* Location+Factory.m */ = {isa = PBXFileReference; fileEncoding = 4; lastKnownFileType = sourcecode.c.objc; path = "Location+Factory.m"; sourceTree = "<group>"; };
		1790FA1015924C9900C40CA3 /* MapKit.framework */ = {isa = PBXFileReference; lastKnownFileType = wrapper.framework; name = MapKit.framework; path = System/Library/Frameworks/MapKit.framework; sourceTree = SDKROOT; };
		17BEC2B3156D591600562490 /* CoreData.framework */ = {isa = PBXFileReference; lastKnownFileType = wrapper.framework; name = CoreData.framework; path = System/Library/Frameworks/CoreData.framework; sourceTree = SDKROOT; };
		17D8582D157EE09500AB2803 /* CloudHelper.h */ = {isa = PBXFileReference; fileEncoding = 4; lastKnownFileType = sourcecode.c.h; path = CloudHelper.h; sourceTree = "<group>"; };
		17D8582E157EE09500AB2803 /* CloudHelper.m */ = {isa = PBXFileReference; fileEncoding = 4; lastKnownFileType = sourcecode.c.objc; path = CloudHelper.m; sourceTree = "<group>"; };
		17D85830157EEE8100AB2803 /* ScreenDocument.h */ = {isa = PBXFileReference; fileEncoding = 4; lastKnownFileType = sourcecode.c.h; path = ScreenDocument.h; sourceTree = "<group>"; };
		17D85831157EEE8100AB2803 /* ScreenDocument.m */ = {isa = PBXFileReference; fileEncoding = 4; lastKnownFileType = sourcecode.c.objc; path = ScreenDocument.m; sourceTree = "<group>"; };
		17D85838157FC33400AB2803 /* Default-Landscape~ipad.png */ = {isa = PBXFileReference; lastKnownFileType = image.png; name = "Default-Landscape~ipad.png"; path = "../Default-Landscape~ipad.png"; sourceTree = "<group>"; };
		17D8583A157FC33A00AB2803 /* Default-Portrait~ipad.png */ = {isa = PBXFileReference; lastKnownFileType = image.png; name = "Default-Portrait~ipad.png"; path = "../Default-Portrait~ipad.png"; sourceTree = "<group>"; };
		17E60C5C15925252000752E1 /* Location.h */ = {isa = PBXFileReference; fileEncoding = 4; lastKnownFileType = sourcecode.c.h; path = Location.h; sourceTree = "<group>"; };
		17E60C5D15925252000752E1 /* Location.m */ = {isa = PBXFileReference; fileEncoding = 4; lastKnownFileType = sourcecode.c.objc; path = Location.m; sourceTree = "<group>"; };
		17E60C671592A79E000752E1 /* PlaceholderView.h */ = {isa = PBXFileReference; fileEncoding = 4; lastKnownFileType = sourcecode.c.h; path = PlaceholderView.h; sourceTree = "<group>"; };
		17E60C681592A79E000752E1 /* PlaceholderView.m */ = {isa = PBXFileReference; fileEncoding = 4; lastKnownFileType = sourcecode.c.objc; path = PlaceholderView.m; sourceTree = "<group>"; };
		17E60C6E1592B173000752E1 /* PreferredLocation.h */ = {isa = PBXFileReference; fileEncoding = 4; lastKnownFileType = sourcecode.c.h; path = PreferredLocation.h; sourceTree = "<group>"; };
		17E60C6F1592B173000752E1 /* PreferredLocation.m */ = {isa = PBXFileReference; fileEncoding = 4; lastKnownFileType = sourcecode.c.objc; path = PreferredLocation.m; sourceTree = "<group>"; };
		17F7B7FA15AA692E00035F2F /* PepperButton.h */ = {isa = PBXFileReference; fileEncoding = 4; lastKnownFileType = sourcecode.c.h; path = PepperButton.h; sourceTree = "<group>"; };
		17F7B7FB15AA692E00035F2F /* PepperButton.m */ = {isa = PBXFileReference; fileEncoding = 4; lastKnownFileType = sourcecode.c.objc; path = PepperButton.m; sourceTree = "<group>"; };
		D2136B4115AA319300004505 /* forwardbutton@2x.png */ = {isa = PBXFileReference; lastKnownFileType = image.png; path = "forwardbutton@2x.png"; sourceTree = "<group>"; };
		D2136B4415AA380A00004505 /* 53-house@2x.png */ = {isa = PBXFileReference; lastKnownFileType = image.png; path = "53-house@2x.png"; sourceTree = "<group>"; };
		D2136B4615AA383300004505 /* 53-house.png */ = {isa = PBXFileReference; lastKnownFileType = image.png; path = "53-house.png"; sourceTree = "<group>"; };
		D23BFAAA15B8D92A00E99727 /* Major.h */ = {isa = PBXFileReference; fileEncoding = 4; lastKnownFileType = sourcecode.c.h; path = Major.h; sourceTree = "<group>"; };
		D23BFAAB15B8D92A00E99727 /* Major.m */ = {isa = PBXFileReference; fileEncoding = 4; lastKnownFileType = sourcecode.c.objc; path = Major.m; sourceTree = "<group>"; };
		D24E09C115B90BD3003FBEE4 /* Candidate.h */ = {isa = PBXFileReference; fileEncoding = 4; lastKnownFileType = sourcecode.c.h; path = Candidate.h; sourceTree = "<group>"; };
		D24E09C215B90BD3003FBEE4 /* Candidate.m */ = {isa = PBXFileReference; fileEncoding = 4; lastKnownFileType = sourcecode.c.objc; path = Candidate.m; sourceTree = "<group>"; };
/* End PBXFileReference section */

/* Begin PBXFrameworksBuildPhase section */
		1789F8C2156D27BE00007532 /* Frameworks */ = {
			isa = PBXFrameworksBuildPhase;
			buildActionMask = 2147483647;
			files = (
				0865EBE3159A364B00903049 /* libz.dylib in Frameworks */,
				1790FA1115924C9A00C40CA3 /* MapKit.framework in Frameworks */,
				1713E8431575AB5F00B00CD1 /* QuartzCore.framework in Frameworks */,
				17BEC2B4156D591600562490 /* CoreData.framework in Frameworks */,
				1789F8CA156D27BE00007532 /* UIKit.framework in Frameworks */,
				1789F8CC156D27BE00007532 /* Foundation.framework in Frameworks */,
				1789F8CE156D27BE00007532 /* CoreGraphics.framework in Frameworks */,
				0865EBDE159A35FB00903049 /* libTestFlight.a in Frameworks */,
			);
			runOnlyForDeploymentPostprocessing = 0;
		};
		1789F8E2156D27BE00007532 /* Frameworks */ = {
			isa = PBXFrameworksBuildPhase;
			buildActionMask = 2147483647;
			files = (
				1789F8E8156D27BE00007532 /* SenTestingKit.framework in Frameworks */,
				1789F8E9156D27BE00007532 /* UIKit.framework in Frameworks */,
				1789F8EA156D27BE00007532 /* Foundation.framework in Frameworks */,
			);
			runOnlyForDeploymentPostprocessing = 0;
		};
/* End PBXFrameworksBuildPhase section */

/* Begin PBXGroup section */
		0865EBD9159A35FB00903049 /* TestFlightSDK1 */ = {
			isa = PBXGroup;
			children = (
				0865EBDA159A35FB00903049 /* libTestFlight.a */,
				0865EBDB159A35FB00903049 /* README.txt */,
				0865EBDC159A35FB00903049 /* release_notes.txt */,
				0865EBDD159A35FB00903049 /* TestFlight.h */,
			);
			path = TestFlightSDK1;
			sourceTree = "<group>";
		};
		1713E83E1575A9DD00B00CD1 /* Views */ = {
			isa = PBXGroup;
			children = (
				175BE247157C5CF70045AB1A /* Cells */,
				170506C415AD1CBC00F9631B /* GradientCellBackgroundView.h */,
				170506C515AD1CBC00F9631B /* GradientCellBackgroundView.m */,
				1760B01615A33EFF00954C41 /* GradientLineView.h */,
				1760B01715A33EFF00954C41 /* GradientLineView.m */,
				1713E83F1575AA6300B00CD1 /* LoginModalBackgroundView.h */,
				1713E8401575AA6300B00CD1 /* LoginModalBackgroundView.m */,
				173B794815A27DBA00E5DCAF /* PagingScrollViewWrapperView.h */,
				173B794915A27DBA00E5DCAF /* PagingScrollViewWrapperView.m */,
				17F7B7FA15AA692E00035F2F /* PepperButton.h */,
				17F7B7FB15AA692E00035F2F /* PepperButton.m */,
				17E60C671592A79E000752E1 /* PlaceholderView.h */,
				17E60C681592A79E000752E1 /* PlaceholderView.m */,
				08159FE515ADD1800061AEC5 /* QuestionTableBackgroundView.h */,
				08159FE615ADD1800061AEC5 /* QuestionTableBackgroundView.m */,
				086DE2A415AB51610087F4C7 /* RatingCircleView.h */,
				086DE2A515AB51610087F4C7 /* RatingCircleView.m */,
				1713E8611576F58300B00CD1 /* RatingView.h */,
				1713E8621576F58300B00CD1 /* RatingView.m */,
				1713E8671577071D00B00CD1 /* SelectedNumberView.h */,
				1713E8681577071D00B00CD1 /* SelectedNumberView.m */,
				177BD81515AF6A5C0099C178 /* ShadowTableFooterView.h */,
				177BD81615AF6A5C0099C178 /* ShadowTableFooterView.m */,
				086DE29D15AB286E0087F4C7 /* ShadowTableHeaderView.h */,
				086DE29E15AB286E0087F4C7 /* ShadowTableHeaderView.m */,
				1760B04D15A4011300954C41 /* ShadowView.h */,
				1760B04E15A4011300954C41 /* ShadowView.m */,
				1713E8641577070800B00CD1 /* SmallNumberView.h */,
				1713E8651577070800B00CD1 /* SmallNumberView.m */,
			);
			name = Views;
			sourceTree = "<group>";
		};
		1713E8481576A0B600B00CD1 /* Libraries */ = {
			isa = PBXGroup;
			children = (
				1760B04915A3F7C400954C41 /* MBProgressHUD */,
				1713E8491576A12400B00CD1 /* ECSlidingViewController */,
			);
			name = Libraries;
			sourceTree = "<group>";
		};
		1713E8491576A12400B00CD1 /* ECSlidingViewController */ = {
			isa = PBXGroup;
			children = (
				1713E84A1576A12400B00CD1 /* ECSlidingViewController.h */,
				1713E84B1576A12400B00CD1 /* ECSlidingViewController.m */,
				1713E84C1576A12400B00CD1 /* UIImage+ImageWithUIView.h */,
				1713E84D1576A12400B00CD1 /* UIImage+ImageWithUIView.m */,
			);
			path = ECSlidingViewController;
			sourceTree = "<group>";
		};
		175BE247157C5CF70045AB1A /* Cells */ = {
			isa = PBXGroup;
			children = (
				175BE248157C5D130045AB1A /* QuestionTableCell.h */,
				175BE249157C5D130045AB1A /* QuestionTableCell.m */,
			);
			name = Cells;
			sourceTree = "<group>";
		};
		1760B04915A3F7C400954C41 /* MBProgressHUD */ = {
			isa = PBXGroup;
			children = (
				1760B04A15A3F7DB00954C41 /* MBProgressHUD.h */,
				1760B04B15A3F7DB00954C41 /* MBProgressHUD.m */,
			);
			name = MBProgressHUD;
			sourceTree = "<group>";
		};
		1789F8BA156D27BD00007532 = {
			isa = PBXGroup;
			children = (
				1789F8CF156D27BE00007532 /* HrInterviewApp */,
				1789F8ED156D27BE00007532 /* HrInterviewAppTests */,
				1789F8C8156D27BE00007532 /* Frameworks */,
				1789F8C6156D27BE00007532 /* Products */,
			);
			sourceTree = "<group>";
		};
		1789F8C6156D27BE00007532 /* Products */ = {
			isa = PBXGroup;
			children = (
				1789F8C5156D27BE00007532 /* HrInterviewApp.app */,
				1789F8E6156D27BE00007532 /* HrInterviewAppTests.octest */,
			);
			name = Products;
			sourceTree = "<group>";
		};
		1789F8C8156D27BE00007532 /* Frameworks */ = {
			isa = PBXGroup;
			children = (
				0865EBE2159A364B00903049 /* libz.dylib */,
				1790FA1015924C9900C40CA3 /* MapKit.framework */,
				1713E8421575AB5F00B00CD1 /* QuartzCore.framework */,
				17BEC2B3156D591600562490 /* CoreData.framework */,
				1789F8C9156D27BE00007532 /* UIKit.framework */,
				1789F8CB156D27BE00007532 /* Foundation.framework */,
				1789F8CD156D27BE00007532 /* CoreGraphics.framework */,
				1789F8E7156D27BE00007532 /* SenTestingKit.framework */,
			);
			name = Frameworks;
			sourceTree = "<group>";
		};
		1789F8CF156D27BE00007532 /* HrInterviewApp */ = {
			isa = PBXGroup;
			children = (
				1789F8D8156D27BE00007532 /* AppDelegate.h */,
				1789F8D9156D27BE00007532 /* AppDelegate.m */,
				17BEC2DE156FDDF900562490 /* Controllers */,
				1713E8481576A0B600B00CD1 /* Libraries */,
				1720B0341586940900DAE4E4 /* MainStoryboard.storyboard */,
				17E60C6D1592B159000752E1 /* Maps */,
				17BEC2DD156FDDC800562490 /* Models */,
				1789F8D0156D27BE00007532 /* Supporting Files */,
				17D8582C157EE07800AB2803 /* Utilities */,
				1713E83E1575A9DD00B00CD1 /* Views */,
			);
			path = HrInterviewApp;
			sourceTree = "<group>";
		};
		1789F8D0156D27BE00007532 /* Supporting Files */ = {
			isa = PBXGroup;
			children = (
				178FF29A157FF9EA00350C59 /* Default-Landscape@2x~ipad.png */,
				178FF298157FF9E000350C59 /* Default-Portrait@2x~ipad.png */,
				17D8583A157FC33A00AB2803 /* Default-Portrait~ipad.png */,
				17D85838157FC33400AB2803 /* Default-Landscape~ipad.png */,
				17D85833157FC2F100AB2803 /* Images */,
				1789F8D1156D27BE00007532 /* HrInterviewApp-Info.plist */,
				1789F8D2156D27BE00007532 /* InfoPlist.strings */,
				1789F8D5156D27BE00007532 /* main.m */,
				1789F8D7156D27BE00007532 /* HrInterviewApp-Prefix.pch */,
				086DE2A715AB5C180087F4C7 /* RatingColors.plist */,
			);
			name = "Supporting Files";
			sourceTree = "<group>";
		};
		1789F8ED156D27BE00007532 /* HrInterviewAppTests */ = {
			isa = PBXGroup;
			children = (
				1789F8F3156D27BE00007532 /* HrInterviewAppTests.h */,
				1789F8F4156D27BE00007532 /* HrInterviewAppTests.m */,
				1789F8EE156D27BE00007532 /* Supporting Files */,
			);
			path = HrInterviewAppTests;
			sourceTree = "<group>";
		};
		1789F8EE156D27BE00007532 /* Supporting Files */ = {
			isa = PBXGroup;
			children = (
				1789F8EF156D27BE00007532 /* HrInterviewAppTests-Info.plist */,
				1789F8F0156D27BE00007532 /* InfoPlist.strings */,
			);
			name = "Supporting Files";
			sourceTree = "<group>";
		};
		178FF29F1580401700350C59 /* Categories */ = {
			isa = PBXGroup;
			children = (
				178FF2A01580404000350C59 /* TechnicalQuestion+Factory.h */,
				178FF2A11580404000350C59 /* TechnicalQuestion+Factory.m */,
				178FF2D3158045CD00350C59 /* Major+Factory.h */,
				178FF2D4158045CD00350C59 /* Major+Factory.m */,
				178FF2D6158046D100350C59 /* Location+Factory.h */,
				178FF2D7158046D100350C59 /* Location+Factory.m */,
				08C903D11593C57F00E425BF /* Candidate+Factory.h */,
				08C903D21593C57F00E425BF /* Candidate+Factory.m */,
			);
			name = Categories;
			sourceTree = "<group>";
		};
		17BEC2DD156FDDC800562490 /* Models */ = {
			isa = PBXGroup;
			children = (
				178FF29F1580401700350C59 /* Categories */,
				1744CEEC15700D3C0070B0D0 /* DataModel.xcdatamodeld */,
				D24E09C115B90BD3003FBEE4 /* Candidate.h */,
				D24E09C215B90BD3003FBEE4 /* Candidate.m */,
				D23BFAAA15B8D92A00E99727 /* Major.h */,
				D23BFAAB15B8D92A00E99727 /* Major.m */,
				17E60C5C15925252000752E1 /* Location.h */,
				17E60C5D15925252000752E1 /* Location.m */,
				1725880D15913D890018524B /* Event.h */,
				1725880E15913D890018524B /* Event.m */,
				1725881015913D890018524B /* Response.h */,
				1725881115913D890018524B /* Response.m */,
				17D85830157EEE8100AB2803 /* ScreenDocument.h */,
				17D85831157EEE8100AB2803 /* ScreenDocument.m */,
				1725881915913D8A0018524B /* Screening.h */,
				1725881A15913D8A0018524B /* Screening.m */,
				1725881C15913D8A0018524B /* TechnicalQuestion.h */,
				1725881D15913D8B0018524B /* TechnicalQuestion.m */,
				1725880A15913D890018524B /* TechnicalSkill.h */,
				1725880B15913D890018524B /* TechnicalSkill.m */,
			);
			name = Models;
			path = ..;
			sourceTree = "<group>";
		};
		17BEC2DE156FDDF900562490 /* Controllers */ = {
			isa = PBXGroup;
			children = (
				10E6EB9A157F9662004995A6 /* CandidateTableViewController.h */,
				10E6EB9B157F9662004995A6 /* CandidateTableViewController.m */,
				10A72B441592A1E1008BF079 /* GradDateViewController.h */,
				10A72B451592A1E1008BF079 /* GradDateViewController.m */,
				10688180159000E0001E0BAF /* LocationPickerViewController.h */,
				10688181159000E0001E0BAF /* LocationPickerViewController.m */,
				1713E83B1575A50B00B00CD1 /* LoginModalViewController.h */,
				1713E83C1575A50B00B00CD1 /* LoginModalViewController.m */,
				1068818315900A50001E0BAF /* MajorViewController.h */,
				1068818415900A50001E0BAF /* MajorViewController.m */,
				175BE243157C5A160045AB1A /* QuestionsTableViewController.h */,
				175BE244157C5A160045AB1A /* QuestionsTableViewController.m */,
				086DE2A115AB3A170087F4C7 /* ReviewTableViewController.h */,
				086DE2A215AB3A170087F4C7 /* ReviewTableViewController.m */,
				08B9EE1B15A231D80057240C /* ScreenDocumentViewController.h */,
				08B9EE1C15A231D80057240C /* ScreenDocumentViewController.m */,
				173B794F15A282E800E5DCAF /* SmallDocumentViewController.h */,
				173B795015A282E800E5DCAF /* SmallDocumentViewController.m */,
				10F214B01593B67E00AC2A9C /* TeamTableViewController.h */,
				10F214B11593B67E00AC2A9C /* TeamTableViewController.m */,
				10F214AD1593B27A00AC2A9C /* TechnicalSkillsTableViewController.h */,
				10F214AE1593B27A00AC2A9C /* TechnicalSkillsTableViewController.m */,
			);
			name = Controllers;
			sourceTree = "<group>";
		};
		17D8582C157EE07800AB2803 /* Utilities */ = {
			isa = PBXGroup;
			children = (
				0865EBD9159A35FB00903049 /* TestFlightSDK1 */,
				17D8582D157EE09500AB2803 /* CloudHelper.h */,
				17D8582E157EE09500AB2803 /* CloudHelper.m */,
				178FF29C15803C6000350C59 /* SyncService.h */,
				178FF29D15803C6000350C59 /* SyncService.m */,
				1760B01315A33D5200954C41 /* Common.h */,
				1760B01415A33D5200954C41 /* Common.m */,
			);
			name = Utilities;
			sourceTree = "<group>";
		};
		17D85833157FC2F100AB2803 /* Images */ = {
			isa = PBXGroup;
			children = (
				1720AFD5158246C500DAE4E4 /* 09-chat-2.png */,
				1720AFD6158246C500DAE4E4 /* 09-chat-2@2x.png */,
				1720AFCC1582445A00DAE4E4 /* 111-user.png */,
				1720AFCF1582446800DAE4E4 /* 111-user@2x.png */,
				1720AFD9158247F100DAE4E4 /* 117-todo.png */,
				1720AFDA158247F100DAE4E4 /* 117-todo@2x.png */,
				1720AFD1158244A400DAE4E4 /* 179-notepad.png */,
				1720AFD2158244A400DAE4E4 /* 179-notepad@2x.png */,
				D2136B4615AA383300004505 /* 53-house.png */,
				D2136B4415AA380A00004505 /* 53-house@2x.png */,
				1760B03915A381F900954C41 /* book-cover-011.png */,
				1760B03A15A381F900954C41 /* book-cover-011@2x.png */,
				1760B03F15A38F2B00954C41 /* document.png */,
				1760B04015A38F2B00954C41 /* document@2x.png */,
				D2136B4115AA319300004505 /* forwardbutton@2x.png */,
				08159FDE15ADC4A60061AEC5 /* glyphicons_020_home.png */,
				08159FDF15ADC4A60061AEC5 /* glyphicons_020_home@2x.png */,
				1720AFE91583C90500DAE4E4 /* glyphicons_190_circle_plus.png */,
				1720AFE71583C8D600DAE4E4 /* glyphicons_190_circle_plus@2x.png */,
				1720AFEB1583C98700DAE4E4 /* glyphicons_192_circle_remove.png */,
				1720AFEC1583C98700DAE4E4 /* glyphicons_192_circle_remove@2x.png */,
				1712CA0515ACC4AC00CA856B /* glyphicons_206_ok_2.png */,
				1712CA0615ACC4AC00CA856B /* glyphicons_206_ok_2@2x.png */,
				1712CA0715ACC4AC00CA856B /* glyphicons_207_remove_2.png */,
				1712CA0815ACC4AC00CA856B /* glyphicons_207_remove_2@2x.png */,
				1760B03315A37CC300954C41 /* leather.png */,
				1760B03415A37CC300954C41 /* leather@2x.png */,
				1760B01D15A352E000954C41 /* logoType.png */,
				0873C9FA15AB79E900D0FE4F /* pepper-symbol-selected.png */,
				0873C9FB15AB79E900D0FE4F /* pepper-symbol-selected@2x.png */,
				0873C9F115AB705D00D0FE4F /* pepper-symbol.png */,
				0873C9F215AB705D00D0FE4F /* pepper-symbol@2x.png */,
				08E6F42F15A7756A0003EA5C /* pepper.png */,
				08E6F43015A7756A0003EA5C /* pepper@2x.png */,
				1760B01F15A3717C00954C41 /* plus-symbol.png */,
				1760B02015A3717C00954C41 /* plus-symbol@2x.png */,
				1760B02115A3717C00954C41 /* remove-symbol.png */,
				1760B02215A3717C00954C41 /* remove-symbol@2x.png */,
				1760B02F15A374D000954C41 /* seamlesstexture11_1200.png */,
				1760B03015A374D000954C41 /* seamlesstexture11_1200@2x.png */,
				1760B03D15A384C000954C41 /* seamlesstexture13_1200.jpg */,
				083C2BF215AE23390079EF97 /* seamlesstexture30_1200.png */,
				083C2BF015AE23340079EF97 /* seamlesstexture30_1200@2x.png */,
			);
			name = Images;
			sourceTree = "<group>";
		};
		17E60C6D1592B159000752E1 /* Maps */ = {
			isa = PBXGroup;
			children = (
				17E60C6E1592B173000752E1 /* PreferredLocation.h */,
				17E60C6F1592B173000752E1 /* PreferredLocation.m */,
			);
			name = Maps;
			sourceTree = "<group>";
		};
/* End PBXGroup section */

/* Begin PBXNativeTarget section */
		1789F8C4156D27BE00007532 /* HrInterviewApp */ = {
			isa = PBXNativeTarget;
			buildConfigurationList = 1789F8F8156D27BE00007532 /* Build configuration list for PBXNativeTarget "HrInterviewApp" */;
			buildPhases = (
				1789F8C1156D27BE00007532 /* Sources */,
				1789F8C2156D27BE00007532 /* Frameworks */,
				1789F8C3156D27BE00007532 /* Resources */,
			);
			buildRules = (
			);
			dependencies = (
			);
			name = HrInterviewApp;
			productName = HrInterviewApp;
			productReference = 1789F8C5156D27BE00007532 /* HrInterviewApp.app */;
			productType = "com.apple.product-type.application";
		};
		1789F8E5156D27BE00007532 /* HrInterviewAppTests */ = {
			isa = PBXNativeTarget;
			buildConfigurationList = 1789F8FB156D27BE00007532 /* Build configuration list for PBXNativeTarget "HrInterviewAppTests" */;
			buildPhases = (
				1789F8E1156D27BE00007532 /* Sources */,
				1789F8E2156D27BE00007532 /* Frameworks */,
				1789F8E3156D27BE00007532 /* Resources */,
				1789F8E4156D27BE00007532 /* ShellScript */,
			);
			buildRules = (
			);
			dependencies = (
				1789F8EC156D27BE00007532 /* PBXTargetDependency */,
			);
			name = HrInterviewAppTests;
			productName = HrInterviewAppTests;
			productReference = 1789F8E6156D27BE00007532 /* HrInterviewAppTests.octest */;
			productType = "com.apple.product-type.bundle";
		};
/* End PBXNativeTarget section */

/* Begin PBXProject section */
		1789F8BC156D27BD00007532 /* Project object */ = {
			isa = PBXProject;
			attributes = {
				LastUpgradeCheck = 0430;
			};
			buildConfigurationList = 1789F8BF156D27BD00007532 /* Build configuration list for PBXProject "HrInterviewApp" */;
			compatibilityVersion = "Xcode 3.2";
			developmentRegion = English;
			hasScannedForEncodings = 0;
			knownRegions = (
				en,
			);
			mainGroup = 1789F8BA156D27BD00007532;
			productRefGroup = 1789F8C6156D27BE00007532 /* Products */;
			projectDirPath = "";
			projectRoot = "";
			targets = (
				1789F8C4156D27BE00007532 /* HrInterviewApp */,
				1789F8E5156D27BE00007532 /* HrInterviewAppTests */,
			);
		};
/* End PBXProject section */

/* Begin PBXResourcesBuildPhase section */
		1789F8C3156D27BE00007532 /* Resources */ = {
			isa = PBXResourcesBuildPhase;
			buildActionMask = 2147483647;
			files = (
				1789F8D4156D27BE00007532 /* InfoPlist.strings in Resources */,
				178FF296157FF98E00350C59 /* Default-Portrait~ipad.png in Resources */,
				178FF297157FF9B700350C59 /* Default-Landscape~ipad.png in Resources */,
				178FF299157FF9E100350C59 /* Default-Portrait@2x~ipad.png in Resources */,
				178FF29B157FF9EA00350C59 /* Default-Landscape@2x~ipad.png in Resources */,
				1720AFCD1582445A00DAE4E4 /* 111-user.png in Resources */,
				1720AFD01582446800DAE4E4 /* 111-user@2x.png in Resources */,
				1720AFD3158244A400DAE4E4 /* 179-notepad.png in Resources */,
				1720AFD4158244A400DAE4E4 /* 179-notepad@2x.png in Resources */,
				1720AFD7158246C500DAE4E4 /* 09-chat-2.png in Resources */,
				1720AFD8158246C500DAE4E4 /* 09-chat-2@2x.png in Resources */,
				1720AFDB158247F100DAE4E4 /* 117-todo.png in Resources */,
				1720AFDC158247F100DAE4E4 /* 117-todo@2x.png in Resources */,
				1720AFE81583C8D600DAE4E4 /* glyphicons_190_circle_plus@2x.png in Resources */,
				1720AFEA1583C90500DAE4E4 /* glyphicons_190_circle_plus.png in Resources */,
				1720AFED1583C98700DAE4E4 /* glyphicons_192_circle_remove.png in Resources */,
				1720AFEE1583C98700DAE4E4 /* glyphicons_192_circle_remove@2x.png in Resources */,
				1720B0351586940900DAE4E4 /* MainStoryboard.storyboard in Resources */,
				0865EBDF159A35FB00903049 /* README.txt in Resources */,
				0865EBE0159A35FB00903049 /* release_notes.txt in Resources */,
				1760B01E15A352E000954C41 /* logoType.png in Resources */,
				1760B02315A3717C00954C41 /* plus-symbol.png in Resources */,
				1760B02415A3717C00954C41 /* plus-symbol@2x.png in Resources */,
				1760B02515A3717C00954C41 /* remove-symbol.png in Resources */,
				1760B02615A3717C00954C41 /* remove-symbol@2x.png in Resources */,
				1760B03115A374D000954C41 /* seamlesstexture11_1200.png in Resources */,
				1760B03215A374D000954C41 /* seamlesstexture11_1200@2x.png in Resources */,
				1760B03515A37CC300954C41 /* leather.png in Resources */,
				1760B03615A37CC300954C41 /* leather@2x.png in Resources */,
				1760B03B15A381F900954C41 /* book-cover-011.png in Resources */,
				1760B03C15A381F900954C41 /* book-cover-011@2x.png in Resources */,
				1760B03E15A384C000954C41 /* seamlesstexture13_1200.jpg in Resources */,
				1760B04115A38F2C00954C41 /* document.png in Resources */,
				1760B04215A38F2C00954C41 /* document@2x.png in Resources */,
				08E6F43115A7756A0003EA5C /* pepper.png in Resources */,
				08E6F43215A7756A0003EA5C /* pepper@2x.png in Resources */,
				D2136B4215AA319300004505 /* forwardbutton@2x.png in Resources */,
				D2136B4515AA380A00004505 /* 53-house@2x.png in Resources */,
				D2136B4715AA383300004505 /* 53-house.png in Resources */,
				086DE2A815AB5C180087F4C7 /* RatingColors.plist in Resources */,
				0873C9F315AB705D00D0FE4F /* pepper-symbol.png in Resources */,
				0873C9F415AB705D00D0FE4F /* pepper-symbol@2x.png in Resources */,
				0873C9FC15AB79E900D0FE4F /* pepper-symbol-selected.png in Resources */,
				0873C9FD15AB79E900D0FE4F /* pepper-symbol-selected@2x.png in Resources */,
				1712CA0915ACC4AC00CA856B /* glyphicons_206_ok_2.png in Resources */,
				1712CA0A15ACC4AC00CA856B /* glyphicons_206_ok_2@2x.png in Resources */,
				1712CA0B15ACC4AC00CA856B /* glyphicons_207_remove_2.png in Resources */,
				1712CA0C15ACC4AC00CA856B /* glyphicons_207_remove_2@2x.png in Resources */,
				08159FE015ADC4A60061AEC5 /* glyphicons_020_home.png in Resources */,
				08159FE115ADC4A60061AEC5 /* glyphicons_020_home@2x.png in Resources */,
				083C2BF115AE23340079EF97 /* seamlesstexture30_1200@2x.png in Resources */,
				083C2BF315AE23390079EF97 /* seamlesstexture30_1200.png in Resources */,
			);
			runOnlyForDeploymentPostprocessing = 0;
		};
		1789F8E3156D27BE00007532 /* Resources */ = {
			isa = PBXResourcesBuildPhase;
			buildActionMask = 2147483647;
			files = (
				1789F8F2156D27BE00007532 /* InfoPlist.strings in Resources */,
			);
			runOnlyForDeploymentPostprocessing = 0;
		};
/* End PBXResourcesBuildPhase section */

/* Begin PBXShellScriptBuildPhase section */
		1789F8E4156D27BE00007532 /* ShellScript */ = {
			isa = PBXShellScriptBuildPhase;
			buildActionMask = 2147483647;
			files = (
			);
			inputPaths = (
			);
			outputPaths = (
			);
			runOnlyForDeploymentPostprocessing = 0;
			shellPath = /bin/sh;
			shellScript = "# Run the unit tests in this test bundle.\n\"${SYSTEM_DEVELOPER_DIR}/Tools/RunUnitTests\"\n";
		};
/* End PBXShellScriptBuildPhase section */

/* Begin PBXSourcesBuildPhase section */
		1789F8C1156D27BE00007532 /* Sources */ = {
			isa = PBXSourcesBuildPhase;
			buildActionMask = 2147483647;
			files = (
				173D93131593DD68009650E4 /* Candidate+Factory.m in Sources */,
				10ED5E7F1593586500509813 /* GradDateViewController.m in Sources */,
				1789F8D6156D27BE00007532 /* main.m in Sources */,
				1789F8DA156D27BE00007532 /* AppDelegate.m in Sources */,
				1744CEEE15700D3C0070B0D0 /* DataModel.xcdatamodeld in Sources */,
				1713E83D1575A50B00B00CD1 /* LoginModalViewController.m in Sources */,
				1713E8411575AA6300B00CD1 /* LoginModalBackgroundView.m in Sources */,
				1713E84E1576A12400B00CD1 /* ECSlidingViewController.m in Sources */,
				1713E84F1576A12400B00CD1 /* UIImage+ImageWithUIView.m in Sources */,
				1713E8631576F58300B00CD1 /* RatingView.m in Sources */,
				1713E8661577070800B00CD1 /* SmallNumberView.m in Sources */,
				1713E8691577071D00B00CD1 /* SelectedNumberView.m in Sources */,
				175BE245157C5A160045AB1A /* QuestionsTableViewController.m in Sources */,
				175BE24A157C5D130045AB1A /* QuestionTableCell.m in Sources */,
				17D8582F157EE09500AB2803 /* CloudHelper.m in Sources */,
				17D85832157EEE8100AB2803 /* ScreenDocument.m in Sources */,
				178FF29E15803C6000350C59 /* SyncService.m in Sources */,
				178FF2A21580404000350C59 /* TechnicalQuestion+Factory.m in Sources */,
				178FF2D5158045CD00350C59 /* Major+Factory.m in Sources */,
				178FF2D8158046D100350C59 /* Location+Factory.m in Sources */,
				17BBE1B415897A7100F6507A /* (null) in Sources */,
				1725880C15913D890018524B /* TechnicalSkill.m in Sources */,
				1725880F15913D890018524B /* Event.m in Sources */,
				1725881215913D890018524B /* Response.m in Sources */,
				1725881B15913D8A0018524B /* Screening.m in Sources */,
				1725881E15913D8B0018524B /* TechnicalQuestion.m in Sources */,
				10E6EB9C157F9662004995A6 /* CandidateTableViewController.m in Sources */,
				10688182159000E0001E0BAF /* LocationPickerViewController.m in Sources */,
				1068818515900A50001E0BAF /* MajorViewController.m in Sources */,
				17E60C5E15925252000752E1 /* Location.m in Sources */,
				17E60C691592A79E000752E1 /* PlaceholderView.m in Sources */,
				17E60C701592B173000752E1 /* PreferredLocation.m in Sources */,
				10F214AF1593B27A00AC2A9C /* TechnicalSkillsTableViewController.m in Sources */,
				10F214B21593B67E00AC2A9C /* TeamTableViewController.m in Sources */,
				08B9EE1D15A231D80057240C /* ScreenDocumentViewController.m in Sources */,
				173B794A15A27DBA00E5DCAF /* PagingScrollViewWrapperView.m in Sources */,
				173B795215A282E800E5DCAF /* SmallDocumentViewController.m in Sources */,
				1760B01515A33D5200954C41 /* Common.m in Sources */,
				1760B01815A33EFF00954C41 /* GradientLineView.m in Sources */,
				1760B04C15A3F7DB00954C41 /* MBProgressHUD.m in Sources */,
				1760B04F15A4011400954C41 /* ShadowView.m in Sources */,
				17F7B7FC15AA692E00035F2F /* PepperButton.m in Sources */,
				086DE29F15AB286E0087F4C7 /* ShadowTableHeaderView.m in Sources */,
				086DE2A315AB3A170087F4C7 /* ReviewTableViewController.m in Sources */,
				086DE2A615AB51610087F4C7 /* RatingCircleView.m in Sources */,
				170506C615AD1CBC00F9631B /* GradientCellBackgroundView.m in Sources */,
				08159FE715ADD1800061AEC5 /* QuestionTableBackgroundView.m in Sources */,
				177BD81715AF6A5C0099C178 /* ShadowTableFooterView.m in Sources */,
				D23BFAAC15B8D92A00E99727 /* Major.m in Sources */,
				D24E09C315B90BD3003FBEE4 /* Candidate.m in Sources */,
			);
			runOnlyForDeploymentPostprocessing = 0;
		};
		1789F8E1156D27BE00007532 /* Sources */ = {
			isa = PBXSourcesBuildPhase;
			buildActionMask = 2147483647;
			files = (
				1789F8F5156D27BE00007532 /* HrInterviewAppTests.m in Sources */,
			);
			runOnlyForDeploymentPostprocessing = 0;
		};
/* End PBXSourcesBuildPhase section */

/* Begin PBXTargetDependency section */
		1789F8EC156D27BE00007532 /* PBXTargetDependency */ = {
			isa = PBXTargetDependency;
			target = 1789F8C4156D27BE00007532 /* HrInterviewApp */;
			targetProxy = 1789F8EB156D27BE00007532 /* PBXContainerItemProxy */;
		};
/* End PBXTargetDependency section */

/* Begin PBXVariantGroup section */
		1789F8D2156D27BE00007532 /* InfoPlist.strings */ = {
			isa = PBXVariantGroup;
			children = (
				1789F8D3156D27BE00007532 /* en */,
			);
			name = InfoPlist.strings;
			sourceTree = "<group>";
		};
		1789F8F0156D27BE00007532 /* InfoPlist.strings */ = {
			isa = PBXVariantGroup;
			children = (
				1789F8F1156D27BE00007532 /* en */,
			);
			name = InfoPlist.strings;
			sourceTree = "<group>";
		};
/* End PBXVariantGroup section */

/* Begin XCBuildConfiguration section */
		1789F8F6156D27BE00007532 /* Debug */ = {
			isa = XCBuildConfiguration;
			buildSettings = {
				ALWAYS_SEARCH_USER_PATHS = NO;
				ARCHS = "$(ARCHS_STANDARD_32_BIT)";
				CLANG_ENABLE_OBJC_ARC = YES;
				"CODE_SIGN_IDENTITY[sdk=iphoneos*]" = "iPhone Developer";
				COPY_PHASE_STRIP = NO;
				GCC_C_LANGUAGE_STANDARD = gnu99;
				GCC_DYNAMIC_NO_PIC = NO;
				GCC_OPTIMIZATION_LEVEL = 0;
				GCC_PREPROCESSOR_DEFINITIONS = (
					"DEBUG=1",
					"$(inherited)",
				);
				GCC_SYMBOLS_PRIVATE_EXTERN = NO;
				GCC_VERSION = com.apple.compilers.llvm.clang.1_0;
				GCC_WARN_ABOUT_MISSING_PROTOTYPES = YES;
				GCC_WARN_ABOUT_RETURN_TYPE = YES;
				GCC_WARN_UNUSED_VARIABLE = YES;
				IPHONEOS_DEPLOYMENT_TARGET = 5.1;
				SDKROOT = iphoneos;
				TARGETED_DEVICE_FAMILY = 2;
			};
			name = Debug;
		};
		1789F8F7156D27BE00007532 /* Release */ = {
			isa = XCBuildConfiguration;
			buildSettings = {
				ALWAYS_SEARCH_USER_PATHS = NO;
				ARCHS = "$(ARCHS_STANDARD_32_BIT)";
				CLANG_ENABLE_OBJC_ARC = YES;
				"CODE_SIGN_IDENTITY[sdk=iphoneos*]" = "iPhone Developer";
				COPY_PHASE_STRIP = YES;
				GCC_C_LANGUAGE_STANDARD = gnu99;
				GCC_VERSION = com.apple.compilers.llvm.clang.1_0;
				GCC_WARN_ABOUT_MISSING_PROTOTYPES = YES;
				GCC_WARN_ABOUT_RETURN_TYPE = YES;
				GCC_WARN_UNUSED_VARIABLE = YES;
				IPHONEOS_DEPLOYMENT_TARGET = 5.1;
				OTHER_CFLAGS = "-DNS_BLOCK_ASSERTIONS=1";
				SDKROOT = iphoneos;
				TARGETED_DEVICE_FAMILY = 2;
				VALIDATE_PRODUCT = YES;
			};
			name = Release;
		};
		1789F8F9156D27BE00007532 /* Debug */ = {
			isa = XCBuildConfiguration;
			buildSettings = {
				CODE_SIGN_IDENTITY = "iPhone Distribution";
				"CODE_SIGN_IDENTITY[sdk=iphoneos*]" = "iPhone Distribution: Interactive Intelligence Inc";
				GCC_PRECOMPILE_PREFIX_HEADER = YES;
				GCC_PREFIX_HEADER = "HrInterviewApp/HrInterviewApp-Prefix.pch";
				INFOPLIST_FILE = "HrInterviewApp/HrInterviewApp-Info.plist";
				LIBRARY_SEARCH_PATHS = (
					"$(inherited)",
					"\"$(SRCROOT)/HrInterviewApp/TestFlightSDK1\"",
				);
				PRODUCT_NAME = "$(TARGET_NAME)";
				PROVISIONING_PROFILE = "";
				"PROVISIONING_PROFILE[sdk=iphoneos*]" = "8E3F5056-9611-4DA0-A52B-B4A783FE36D3";
				SCAN_ALL_SOURCE_FILES_FOR_INCLUDES = NO;
				TARGETED_DEVICE_FAMILY = 2;
				WRAPPER_EXTENSION = app;
			};
			name = Debug;
		};
		1789F8FA156D27BE00007532 /* Release */ = {
			isa = XCBuildConfiguration;
			buildSettings = {
				CODE_SIGN_IDENTITY = "iPhone Distribution";
				"CODE_SIGN_IDENTITY[sdk=iphoneos*]" = "iPhone Distribution: Interactive Intelligence Inc";
				GCC_PRECOMPILE_PREFIX_HEADER = YES;
				GCC_PREFIX_HEADER = "HrInterviewApp/HrInterviewApp-Prefix.pch";
				INFOPLIST_FILE = "HrInterviewApp/HrInterviewApp-Info.plist";
				LIBRARY_SEARCH_PATHS = (
					"$(inherited)",
					"\"$(SRCROOT)/HrInterviewApp/TestFlightSDK1\"",
				);
				PRODUCT_NAME = "$(TARGET_NAME)";
				PROVISIONING_PROFILE = "";
				"PROVISIONING_PROFILE[sdk=iphoneos*]" = "929EAA78-B3F6-4A8E-AB13-F176667FD0AA";
				SCAN_ALL_SOURCE_FILES_FOR_INCLUDES = NO;
				TARGETED_DEVICE_FAMILY = 2;
				WRAPPER_EXTENSION = app;
			};
			name = Release;
		};
		1789F8FC156D27BE00007532 /* Debug */ = {
			isa = XCBuildConfiguration;
			buildSettings = {
				BUNDLE_LOADER = "$(BUILT_PRODUCTS_DIR)/HrInterviewApp.app/HrInterviewApp";
				FRAMEWORK_SEARCH_PATHS = (
					"$(SDKROOT)/Developer/Library/Frameworks",
					"$(DEVELOPER_LIBRARY_DIR)/Frameworks",
				);
				GCC_PRECOMPILE_PREFIX_HEADER = YES;
				GCC_PREFIX_HEADER = "HrInterviewApp/HrInterviewApp-Prefix.pch";
				INFOPLIST_FILE = "HrInterviewAppTests/HrInterviewAppTests-Info.plist";
				PRODUCT_NAME = "$(TARGET_NAME)";
				TEST_HOST = "$(BUNDLE_LOADER)";
				WRAPPER_EXTENSION = octest;
			};
			name = Debug;
		};
		1789F8FD156D27BE00007532 /* Release */ = {
			isa = XCBuildConfiguration;
			buildSettings = {
				BUNDLE_LOADER = "$(BUILT_PRODUCTS_DIR)/HrInterviewApp.app/HrInterviewApp";
				FRAMEWORK_SEARCH_PATHS = (
					"$(SDKROOT)/Developer/Library/Frameworks",
					"$(DEVELOPER_LIBRARY_DIR)/Frameworks",
				);
				GCC_PRECOMPILE_PREFIX_HEADER = YES;
				GCC_PREFIX_HEADER = "HrInterviewApp/HrInterviewApp-Prefix.pch";
				INFOPLIST_FILE = "HrInterviewAppTests/HrInterviewAppTests-Info.plist";
				PRODUCT_NAME = "$(TARGET_NAME)";
				TEST_HOST = "$(BUNDLE_LOADER)";
				WRAPPER_EXTENSION = octest;
			};
			name = Release;
		};
/* End XCBuildConfiguration section */

/* Begin XCConfigurationList section */
		1789F8BF156D27BD00007532 /* Build configuration list for PBXProject "HrInterviewApp" */ = {
			isa = XCConfigurationList;
			buildConfigurations = (
				1789F8F6156D27BE00007532 /* Debug */,
				1789F8F7156D27BE00007532 /* Release */,
			);
			defaultConfigurationIsVisible = 0;
			defaultConfigurationName = Release;
		};
		1789F8F8156D27BE00007532 /* Build configuration list for PBXNativeTarget "HrInterviewApp" */ = {
			isa = XCConfigurationList;
			buildConfigurations = (
				1789F8F9156D27BE00007532 /* Debug */,
				1789F8FA156D27BE00007532 /* Release */,
			);
			defaultConfigurationIsVisible = 0;
			defaultConfigurationName = Release;
		};
		1789F8FB156D27BE00007532 /* Build configuration list for PBXNativeTarget "HrInterviewAppTests" */ = {
			isa = XCConfigurationList;
			buildConfigurations = (
				1789F8FC156D27BE00007532 /* Debug */,
				1789F8FD156D27BE00007532 /* Release */,
			);
			defaultConfigurationIsVisible = 0;
			defaultConfigurationName = Release;
		};
/* End XCConfigurationList section */

/* Begin XCVersionGroup section */
		1744CEEC15700D3C0070B0D0 /* DataModel.xcdatamodeld */ = {
			isa = XCVersionGroup;
			children = (
				17258809159135470018524B /* AlphaModel.xcdatamodel */,
				1744CEED15700D3C0070B0D0 /* InitialModel.xcdatamodel */,
			);
			currentVersion = 1744CEED15700D3C0070B0D0 /* InitialModel.xcdatamodel */;
			path = DataModel.xcdatamodeld;
			sourceTree = "<group>";
			versionGroupType = wrapper.xcdatamodel;
		};
/* End XCVersionGroup section */
	};
	rootObject = 1789F8BC156D27BD00007532 /* Project object */;
}
